// !$*UTF8*$!
{
	archiveVersion = 1;
	classes = {
	};
	objectVersion = 55;
	objects = {

/* Begin PBXBuildFile section */
		2137FAE8286E375800931D97 /* NetworkClient.swift in Sources */ = {isa = PBXBuildFile; fileRef = 2137FAE7286E375800931D97 /* NetworkClient.swift */; };
		2137FAEE286ECB5E00931D97 /* NetworkClientTests.swift in Sources */ = {isa = PBXBuildFile; fileRef = 2137FAED286ECB5E00931D97 /* NetworkClientTests.swift */; };
		2137FAF0286EEE7800931D97 /* User.swift in Sources */ = {isa = PBXBuildFile; fileRef = 2137FAEF286EEE7800931D97 /* User.swift */; };
		2137FAF3286EEEB800931D97 /* MockURLSession.swift in Sources */ = {isa = PBXBuildFile; fileRef = 2137FAF2286EEEB800931D97 /* MockURLSession.swift */; };
		2137FB042872A20500931D97 /* UserListVC+DataSource.swift in Sources */ = {isa = PBXBuildFile; fileRef = 2137FB032872A20500931D97 /* UserListVC+DataSource.swift */; };
		2137FB072872A2AC00931D97 /* UserListTableViewCell.swift in Sources */ = {isa = PBXBuildFile; fileRef = 2137FB062872A2AC00931D97 /* UserListTableViewCell.swift */; };
		2137FB0A2872A3A300931D97 /* SDWebImage in Frameworks */ = {isa = PBXBuildFile; productRef = 2137FB092872A3A300931D97 /* SDWebImage */; };
		2137FB132872ACBA00931D97 /* Extension.swift in Sources */ = {isa = PBXBuildFile; fileRef = 2137FB122872ACBA00931D97 /* Extension.swift */; };
		2137FB142872BE4500931D97 /* Localizable.strings in Resources */ = {isa = PBXBuildFile; fileRef = 2137FB162872BE4500931D97 /* Localizable.strings */; };
		2137FB1E2872F3B500931D97 /* UserUseCase.swift in Sources */ = {isa = PBXBuildFile; fileRef = 2137FB1D2872F3B500931D97 /* UserUseCase.swift */; };
		2137FB202872F3F900931D97 /* UserUseCaseImpl.swift in Sources */ = {isa = PBXBuildFile; fileRef = 2137FB1F2872F3F900931D97 /* UserUseCaseImpl.swift */; };
		21AC271F2872F9DA00321DC5 /* UserRepository.swift in Sources */ = {isa = PBXBuildFile; fileRef = 21AC271E2872F9DA00321DC5 /* UserRepository.swift */; };
		21AC27212872F9E700321DC5 /* UserRepositiryImpl.swift in Sources */ = {isa = PBXBuildFile; fileRef = 21AC27202872F9E700321DC5 /* UserRepositiryImpl.swift */; };
		21AC272A2872FCF400321DC5 /* UserViewModel.swift in Sources */ = {isa = PBXBuildFile; fileRef = 21AC27292872FCF400321DC5 /* UserViewModel.swift */; };
		21AC272C2872FD2100321DC5 /* UserViewModelImpl.swift in Sources */ = {isa = PBXBuildFile; fileRef = 21AC272B2872FD2100321DC5 /* UserViewModelImpl.swift */; };
		21AC2730287304F000321DC5 /* UserListVC+Extensions.swift in Sources */ = {isa = PBXBuildFile; fileRef = 21AC272F287304F000321DC5 /* UserListVC+Extensions.swift */; };
		21AC2732287307DA00321DC5 /* Endpoints.swift in Sources */ = {isa = PBXBuildFile; fileRef = 21AC2731287307DA00321DC5 /* Endpoints.swift */; };
		21AC274828730F8200321DC5 /* ProductRepository.swift in Sources */ = {isa = PBXBuildFile; fileRef = 21AC273728730F8200321DC5 /* ProductRepository.swift */; };
		21AC2756287316E300321DC5 /* MockUseCase.swift in Sources */ = {isa = PBXBuildFile; fileRef = 21AC274028730F8200321DC5 /* MockUseCase.swift */; };
		21AC2757287316EA00321DC5 /* MockRepository.swift in Sources */ = {isa = PBXBuildFile; fileRef = 21AC274628730F8200321DC5 /* MockRepository.swift */; };
		21AC27582873176800321DC5 /* Helper.swift in Sources */ = {isa = PBXBuildFile; fileRef = 21AC27532873136D00321DC5 /* Helper.swift */; };
		21BD07AE286DB30C0055FC2B /* AppDelegate.swift in Sources */ = {isa = PBXBuildFile; fileRef = 21BD07AD286DB30C0055FC2B /* AppDelegate.swift */; };
		21BD07B0286DB30C0055FC2B /* SceneDelegate.swift in Sources */ = {isa = PBXBuildFile; fileRef = 21BD07AF286DB30C0055FC2B /* SceneDelegate.swift */; };
		21BD07B2286DB30C0055FC2B /* UserListVC.swift in Sources */ = {isa = PBXBuildFile; fileRef = 21BD07B1286DB30C0055FC2B /* UserListVC.swift */; };
		21BD07B5286DB30C0055FC2B /* Main.storyboard in Resources */ = {isa = PBXBuildFile; fileRef = 21BD07B3286DB30C0055FC2B /* Main.storyboard */; };
		21BD07B7286DB30E0055FC2B /* Assets.xcassets in Resources */ = {isa = PBXBuildFile; fileRef = 21BD07B6286DB30E0055FC2B /* Assets.xcassets */; };
		21BD07BA286DB30E0055FC2B /* LaunchScreen.storyboard in Resources */ = {isa = PBXBuildFile; fileRef = 21BD07B8286DB30E0055FC2B /* LaunchScreen.storyboard */; };
		21BD07CF286DB30E0055FC2B /* LloydsUITests.swift in Sources */ = {isa = PBXBuildFile; fileRef = 21BD07CE286DB30E0055FC2B /* LloydsUITests.swift */; };
		21BD07D1286DB30E0055FC2B /* LloydsUITestsLaunchTests.swift in Sources */ = {isa = PBXBuildFile; fileRef = 21BD07D0286DB30E0055FC2B /* LloydsUITestsLaunchTests.swift */; };
		21DED93028731BCC0030655E /* User.json in Resources */ = {isa = PBXBuildFile; fileRef = 2137FAF7286EEF1A00931D97 /* User.json */; };
/* End PBXBuildFile section */

/* Begin PBXContainerItemProxy section */
		21BD07C1286DB30E0055FC2B /* PBXContainerItemProxy */ = {
			isa = PBXContainerItemProxy;
			containerPortal = 21BD07A2286DB30C0055FC2B /* Project object */;
			proxyType = 1;
			remoteGlobalIDString = 21BD07A9286DB30C0055FC2B;
			remoteInfo = Lloyds;
		};
		21BD07CB286DB30E0055FC2B /* PBXContainerItemProxy */ = {
			isa = PBXContainerItemProxy;
			containerPortal = 21BD07A2286DB30C0055FC2B /* Project object */;
			proxyType = 1;
			remoteGlobalIDString = 21BD07A9286DB30C0055FC2B;
			remoteInfo = Lloyds;
		};
/* End PBXContainerItemProxy section */

/* Begin PBXFileReference section */
		2137FAE7286E375800931D97 /* NetworkClient.swift */ = {isa = PBXFileReference; lastKnownFileType = sourcecode.swift; path = NetworkClient.swift; sourceTree = "<group>"; };
		2137FAED286ECB5E00931D97 /* NetworkClientTests.swift */ = {isa = PBXFileReference; lastKnownFileType = sourcecode.swift; path = NetworkClientTests.swift; sourceTree = "<group>"; };
		2137FAEF286EEE7800931D97 /* User.swift */ = {isa = PBXFileReference; lastKnownFileType = sourcecode.swift; path = User.swift; sourceTree = "<group>"; };
		2137FAF2286EEEB800931D97 /* MockURLSession.swift */ = {isa = PBXFileReference; lastKnownFileType = sourcecode.swift; path = MockURLSession.swift; sourceTree = "<group>"; };
		2137FAF7286EEF1A00931D97 /* User.json */ = {isa = PBXFileReference; lastKnownFileType = text.json; path = User.json; sourceTree = "<group>"; };
		2137FB032872A20500931D97 /* UserListVC+DataSource.swift */ = {isa = PBXFileReference; lastKnownFileType = sourcecode.swift; path = "UserListVC+DataSource.swift"; sourceTree = "<group>"; };
		2137FB062872A2AC00931D97 /* UserListTableViewCell.swift */ = {isa = PBXFileReference; lastKnownFileType = sourcecode.swift; path = UserListTableViewCell.swift; sourceTree = "<group>"; };
		2137FB122872ACBA00931D97 /* Extension.swift */ = {isa = PBXFileReference; lastKnownFileType = sourcecode.swift; path = Extension.swift; sourceTree = "<group>"; };
		2137FB152872BE4500931D97 /* en */ = {isa = PBXFileReference; lastKnownFileType = text.plist.strings; name = en; path = en.lproj/Localizable.strings; sourceTree = "<group>"; };
		2137FB1D2872F3B500931D97 /* UserUseCase.swift */ = {isa = PBXFileReference; lastKnownFileType = sourcecode.swift; path = UserUseCase.swift; sourceTree = "<group>"; };
		2137FB1F2872F3F900931D97 /* UserUseCaseImpl.swift */ = {isa = PBXFileReference; lastKnownFileType = sourcecode.swift; path = UserUseCaseImpl.swift; sourceTree = "<group>"; };
		21AC271E2872F9DA00321DC5 /* UserRepository.swift */ = {isa = PBXFileReference; lastKnownFileType = sourcecode.swift; path = UserRepository.swift; sourceTree = "<group>"; };
		21AC27202872F9E700321DC5 /* UserRepositiryImpl.swift */ = {isa = PBXFileReference; lastKnownFileType = sourcecode.swift; path = UserRepositiryImpl.swift; sourceTree = "<group>"; };
		21AC27292872FCF400321DC5 /* UserViewModel.swift */ = {isa = PBXFileReference; lastKnownFileType = sourcecode.swift; path = UserViewModel.swift; sourceTree = "<group>"; };
		21AC272B2872FD2100321DC5 /* UserViewModelImpl.swift */ = {isa = PBXFileReference; lastKnownFileType = sourcecode.swift; path = UserViewModelImpl.swift; sourceTree = "<group>"; };
		21AC272F287304F000321DC5 /* UserListVC+Extensions.swift */ = {isa = PBXFileReference; lastKnownFileType = sourcecode.swift; path = "UserListVC+Extensions.swift"; sourceTree = "<group>"; };
		21AC2731287307DA00321DC5 /* Endpoints.swift */ = {isa = PBXFileReference; lastKnownFileType = sourcecode.swift; path = Endpoints.swift; sourceTree = "<group>"; };
		21AC273528730F8200321DC5 /* ProductUseCaseTest.swift */ = {isa = PBXFileReference; fileEncoding = 4; lastKnownFileType = sourcecode.swift; path = ProductUseCaseTest.swift; sourceTree = "<group>"; };
		21AC273728730F8200321DC5 /* ProductRepository.swift */ = {isa = PBXFileReference; fileEncoding = 4; lastKnownFileType = sourcecode.swift; path = ProductRepository.swift; sourceTree = "<group>"; };
		21AC273B28730F8200321DC5 /* UserViewModelTest.swift */ = {isa = PBXFileReference; fileEncoding = 4; lastKnownFileType = sourcecode.swift; path = UserViewModelTest.swift; sourceTree = "<group>"; };
		21AC274028730F8200321DC5 /* MockUseCase.swift */ = {isa = PBXFileReference; fileEncoding = 4; lastKnownFileType = sourcecode.swift; path = MockUseCase.swift; sourceTree = "<group>"; };
		21AC274628730F8200321DC5 /* MockRepository.swift */ = {isa = PBXFileReference; fileEncoding = 4; lastKnownFileType = sourcecode.swift; path = MockRepository.swift; sourceTree = "<group>"; };
		21AC27532873136D00321DC5 /* Helper.swift */ = {isa = PBXFileReference; lastKnownFileType = sourcecode.swift; path = Helper.swift; sourceTree = "<group>"; };
		21BD07AA286DB30C0055FC2B /* Lloyds.app */ = {isa = PBXFileReference; explicitFileType = wrapper.application; includeInIndex = 0; path = Lloyds.app; sourceTree = BUILT_PRODUCTS_DIR; };
		21BD07AD286DB30C0055FC2B /* AppDelegate.swift */ = {isa = PBXFileReference; lastKnownFileType = sourcecode.swift; path = AppDelegate.swift; sourceTree = "<group>"; };
		21BD07AF286DB30C0055FC2B /* SceneDelegate.swift */ = {isa = PBXFileReference; lastKnownFileType = sourcecode.swift; path = SceneDelegate.swift; sourceTree = "<group>"; };
		21BD07B1286DB30C0055FC2B /* UserListVC.swift */ = {isa = PBXFileReference; lastKnownFileType = sourcecode.swift; path = UserListVC.swift; sourceTree = "<group>"; };
		21BD07B4286DB30C0055FC2B /* Base */ = {isa = PBXFileReference; lastKnownFileType = file.storyboard; name = Base; path = Base.lproj/Main.storyboard; sourceTree = "<group>"; };
		21BD07B6286DB30E0055FC2B /* Assets.xcassets */ = {isa = PBXFileReference; lastKnownFileType = folder.assetcatalog; path = Assets.xcassets; sourceTree = "<group>"; };
		21BD07B9286DB30E0055FC2B /* Base */ = {isa = PBXFileReference; lastKnownFileType = file.storyboard; name = Base; path = Base.lproj/LaunchScreen.storyboard; sourceTree = "<group>"; };
		21BD07BB286DB30E0055FC2B /* Info.plist */ = {isa = PBXFileReference; lastKnownFileType = text.plist.xml; path = Info.plist; sourceTree = "<group>"; };
		21BD07C0286DB30E0055FC2B /* LloydsTests.xctest */ = {isa = PBXFileReference; explicitFileType = wrapper.cfbundle; includeInIndex = 0; path = LloydsTests.xctest; sourceTree = BUILT_PRODUCTS_DIR; };
		21BD07CA286DB30E0055FC2B /* LloydsUITests.xctest */ = {isa = PBXFileReference; explicitFileType = wrapper.cfbundle; includeInIndex = 0; path = LloydsUITests.xctest; sourceTree = BUILT_PRODUCTS_DIR; };
		21BD07CE286DB30E0055FC2B /* LloydsUITests.swift */ = {isa = PBXFileReference; lastKnownFileType = sourcecode.swift; path = LloydsUITests.swift; sourceTree = "<group>"; };
		21BD07D0286DB30E0055FC2B /* LloydsUITestsLaunchTests.swift */ = {isa = PBXFileReference; lastKnownFileType = sourcecode.swift; path = LloydsUITestsLaunchTests.swift; sourceTree = "<group>"; };
/* End PBXFileReference section */

/* Begin PBXFrameworksBuildPhase section */
		21BD07A7286DB30C0055FC2B /* Frameworks */ = {
			isa = PBXFrameworksBuildPhase;
			buildActionMask = 2147483647;
			files = (
				2137FB0A2872A3A300931D97 /* SDWebImage in Frameworks */,
			);
			runOnlyForDeploymentPostprocessing = 0;
		};
		21BD07BD286DB30E0055FC2B /* Frameworks */ = {
			isa = PBXFrameworksBuildPhase;
			buildActionMask = 2147483647;
			files = (
			);
			runOnlyForDeploymentPostprocessing = 0;
		};
		21BD07C7286DB30E0055FC2B /* Frameworks */ = {
			isa = PBXFrameworksBuildPhase;
			buildActionMask = 2147483647;
			files = (
			);
			runOnlyForDeploymentPostprocessing = 0;
		};
/* End PBXFrameworksBuildPhase section */

/* Begin PBXGroup section */
		2137FAE9286EC6B200931D97 /* Storyboard */ = {
			isa = PBXGroup;
			children = (
				21BD07B8286DB30E0055FC2B /* LaunchScreen.storyboard */,
				21BD07B3286DB30C0055FC2B /* Main.storyboard */,
			);
			path = Storyboard;
			sourceTree = "<group>";
		};
		2137FAEA286EC6C800931D97 /* Model */ = {
			isa = PBXGroup;
			children = (
				2137FAEF286EEE7800931D97 /* User.swift */,
			);
			path = Model;
			sourceTree = "<group>";
		};
		2137FAEB286EC6D300931D97 /* ViewModel */ = {
			isa = PBXGroup;
			children = (
				21AC27292872FCF400321DC5 /* UserViewModel.swift */,
				21AC272B2872FD2100321DC5 /* UserViewModelImpl.swift */,
			);
			path = ViewModel;
			sourceTree = "<group>";
		};
		2137FAEC286EC6DB00931D97 /* View */ = {
			isa = PBXGroup;
			children = (
				2137FB062872A2AC00931D97 /* UserListTableViewCell.swift */,
			);
			path = View;
			sourceTree = "<group>";
		};
		2137FAF1286EEE9A00931D97 /* Networking */ = {
			isa = PBXGroup;
			children = (
				2137FAE7286E375800931D97 /* NetworkClient.swift */,
				2137FAF2286EEEB800931D97 /* MockURLSession.swift */,
			);
			path = Networking;
			sourceTree = "<group>";
		};
		2137FAFA286F061700931D97 /* Resources */ = {
			isa = PBXGroup;
			children = (
				2137FAF7286EEF1A00931D97 /* User.json */,
			);
			path = Resources;
			sourceTree = "<group>";
		};
		2137FAFD286F150500931D97 /* Application */ = {
			isa = PBXGroup;
			children = (
				21BD07AD286DB30C0055FC2B /* AppDelegate.swift */,
				21BD07AF286DB30C0055FC2B /* SceneDelegate.swift */,
			);
			path = Application;
			sourceTree = "<group>";
		};
		2137FB002872A01600931D97 /* User */ = {
			isa = PBXGroup;
			children = (
				2137FB192872F33000931D97 /* Domain */,
				2137FB1A2872F33600931D97 /* Data */,
				2137FB1B2872F33C00931D97 /* Presentation */,
			);
			path = User;
			sourceTree = "<group>";
		};
		2137FB0E2872A6BC00931D97 /* Localization */ = {
			isa = PBXGroup;
			children = (
				2137FB162872BE4500931D97 /* Localizable.strings */,
			);
			path = Localization;
			sourceTree = "<group>";
		};
		2137FB112872ACA300931D97 /* Utlilty */ = {
			isa = PBXGroup;
			children = (
				2137FB122872ACBA00931D97 /* Extension.swift */,
			);
			path = Utlilty;
			sourceTree = "<group>";
		};
		2137FB192872F33000931D97 /* Domain */ = {
			isa = PBXGroup;
			children = (
				2137FAEA286EC6C800931D97 /* Model */,
				2137FB1C2872F38D00931D97 /* UseCase */,
			);
			path = Domain;
			sourceTree = "<group>";
		};
		2137FB1A2872F33600931D97 /* Data */ = {
			isa = PBXGroup;
			children = (
				21AC2731287307DA00321DC5 /* Endpoints.swift */,
				21AC27282872FAA400321DC5 /* Repository */,
			);
			path = Data;
			sourceTree = "<group>";
		};
		2137FB1B2872F33C00931D97 /* Presentation */ = {
			isa = PBXGroup;
			children = (
				21AC272D287304CF00321DC5 /* Controllers */,
				2137FAEC286EC6DB00931D97 /* View */,
				2137FAEB286EC6D300931D97 /* ViewModel */,
			);
			path = Presentation;
			sourceTree = "<group>";
		};
		2137FB1C2872F38D00931D97 /* UseCase */ = {
			isa = PBXGroup;
			children = (
				2137FB1D2872F3B500931D97 /* UserUseCase.swift */,
				2137FB1F2872F3F900931D97 /* UserUseCaseImpl.swift */,
			);
			path = UseCase;
			sourceTree = "<group>";
		};
		21AC27282872FAA400321DC5 /* Repository */ = {
			isa = PBXGroup;
			children = (
				21AC271E2872F9DA00321DC5 /* UserRepository.swift */,
				21AC27202872F9E700321DC5 /* UserRepositiryImpl.swift */,
			);
			path = Repository;
			sourceTree = "<group>";
		};
		21AC272D287304CF00321DC5 /* Controllers */ = {
			isa = PBXGroup;
			children = (
				21BD07B1286DB30C0055FC2B /* UserListVC.swift */,
				2137FB032872A20500931D97 /* UserListVC+DataSource.swift */,
				21AC272F287304F000321DC5 /* UserListVC+Extensions.swift */,
			);
			path = Controllers;
			sourceTree = "<group>";
		};
		21AC273328730D7C00321DC5 /* UserModule */ = {
			isa = PBXGroup;
			children = (
				21AC273C28730F8200321DC5 /* Mock */,
				21AC273628730F8200321DC5 /* Repository */,
				21AC273428730F8200321DC5 /* UseCase */,
				21AC273A28730F8200321DC5 /* ViewModel */,
			);
			path = UserModule;
			sourceTree = "<group>";
		};
		21AC273428730F8200321DC5 /* UseCase */ = {
			isa = PBXGroup;
			children = (
				21AC273528730F8200321DC5 /* ProductUseCaseTest.swift */,
			);
			path = UseCase;
			sourceTree = "<group>";
		};
		21AC273628730F8200321DC5 /* Repository */ = {
			isa = PBXGroup;
			children = (
				21AC273728730F8200321DC5 /* ProductRepository.swift */,
			);
			path = Repository;
			sourceTree = "<group>";
		};
		21AC273A28730F8200321DC5 /* ViewModel */ = {
			isa = PBXGroup;
			children = (
				21AC273B28730F8200321DC5 /* UserViewModelTest.swift */,
			);
			path = ViewModel;
			sourceTree = "<group>";
		};
		21AC273C28730F8200321DC5 /* Mock */ = {
			isa = PBXGroup;
			children = (
				21AC273F28730F8200321DC5 /* MockUseCase */,
				21AC274528730F8200321DC5 /* MockRepository */,
			);
			path = Mock;
			sourceTree = "<group>";
		};
		21AC273F28730F8200321DC5 /* MockUseCase */ = {
			isa = PBXGroup;
			children = (
				21AC274028730F8200321DC5 /* MockUseCase.swift */,
			);
			path = MockUseCase;
			sourceTree = "<group>";
		};
		21AC274528730F8200321DC5 /* MockRepository */ = {
			isa = PBXGroup;
			children = (
				21AC274628730F8200321DC5 /* MockRepository.swift */,
			);
			path = MockRepository;
			sourceTree = "<group>";
		};
		21AC27512873135600321DC5 /* Network */ = {
			isa = PBXGroup;
			children = (
				2137FAED286ECB5E00931D97 /* NetworkClientTests.swift */,
			);
			path = Network;
			sourceTree = "<group>";
		};
		21AC27522873135E00321DC5 /* Utility */ = {
			isa = PBXGroup;
			children = (
				21AC27532873136D00321DC5 /* Helper.swift */,
			);
			path = Utility;
			sourceTree = "<group>";
		};
		21BD07A1286DB30C0055FC2B = {
			isa = PBXGroup;
			children = (
				21BD07AC286DB30C0055FC2B /* Lloyds */,
				21BD07C3286DB30E0055FC2B /* LloydsTests */,
				21BD07CD286DB30E0055FC2B /* LloydsUITests */,
				21BD07AB286DB30C0055FC2B /* Products */,
			);
			sourceTree = "<group>";
		};
		21BD07AB286DB30C0055FC2B /* Products */ = {
			isa = PBXGroup;
			children = (
				21BD07AA286DB30C0055FC2B /* Lloyds.app */,
				21BD07C0286DB30E0055FC2B /* LloydsTests.xctest */,
				21BD07CA286DB30E0055FC2B /* LloydsUITests.xctest */,
			);
			name = Products;
			sourceTree = "<group>";
		};
		21BD07AC286DB30C0055FC2B /* Lloyds */ = {
			isa = PBXGroup;
			children = (
				2137FB112872ACA300931D97 /* Utlilty */,
				2137FB0E2872A6BC00931D97 /* Localization */,
				2137FB002872A01600931D97 /* User */,
				2137FAFD286F150500931D97 /* Application */,
				2137FAF1286EEE9A00931D97 /* Networking */,
				2137FAE9286EC6B200931D97 /* Storyboard */,
				21BD07B6286DB30E0055FC2B /* Assets.xcassets */,
				21BD07BB286DB30E0055FC2B /* Info.plist */,
			);
			path = Lloyds;
			sourceTree = "<group>";
		};
		21BD07C3286DB30E0055FC2B /* LloydsTests */ = {
			isa = PBXGroup;
			children = (
				21AC27522873135E00321DC5 /* Utility */,
				21AC27512873135600321DC5 /* Network */,
				21AC273328730D7C00321DC5 /* UserModule */,
				2137FAFA286F061700931D97 /* Resources */,
			);
			path = LloydsTests;
			sourceTree = "<group>";
		};
		21BD07CD286DB30E0055FC2B /* LloydsUITests */ = {
			isa = PBXGroup;
			children = (
				21BD07CE286DB30E0055FC2B /* LloydsUITests.swift */,
				21BD07D0286DB30E0055FC2B /* LloydsUITestsLaunchTests.swift */,
			);
			path = LloydsUITests;
			sourceTree = "<group>";
		};
/* End PBXGroup section */

/* Begin PBXNativeTarget section */
		21BD07A9286DB30C0055FC2B /* Lloyds */ = {
			isa = PBXNativeTarget;
			buildConfigurationList = 21BD07D4286DB30E0055FC2B /* Build configuration list for PBXNativeTarget "Lloyds" */;
			buildPhases = (
				21BD07A6286DB30C0055FC2B /* Sources */,
				21BD07A7286DB30C0055FC2B /* Frameworks */,
				21BD07A8286DB30C0055FC2B /* Resources */,
			);
			buildRules = (
			);
			dependencies = (
			);
			name = Lloyds;
			packageProductDependencies = (
				2137FB092872A3A300931D97 /* SDWebImage */,
			);
			productName = Lloyds;
			productReference = 21BD07AA286DB30C0055FC2B /* Lloyds.app */;
			productType = "com.apple.product-type.application";
		};
		21BD07BF286DB30E0055FC2B /* LloydsTests */ = {
			isa = PBXNativeTarget;
			buildConfigurationList = 21BD07D7286DB30E0055FC2B /* Build configuration list for PBXNativeTarget "LloydsTests" */;
			buildPhases = (
				21BD07BC286DB30E0055FC2B /* Sources */,
				21BD07BD286DB30E0055FC2B /* Frameworks */,
				21BD07BE286DB30E0055FC2B /* Resources */,
			);
			buildRules = (
			);
			dependencies = (
				21BD07C2286DB30E0055FC2B /* PBXTargetDependency */,
			);
			name = LloydsTests;
			productName = LloydsTests;
			productReference = 21BD07C0286DB30E0055FC2B /* LloydsTests.xctest */;
			productType = "com.apple.product-type.bundle.unit-test";
		};
		21BD07C9286DB30E0055FC2B /* LloydsUITests */ = {
			isa = PBXNativeTarget;
			buildConfigurationList = 21BD07DA286DB30E0055FC2B /* Build configuration list for PBXNativeTarget "LloydsUITests" */;
			buildPhases = (
				21BD07C6286DB30E0055FC2B /* Sources */,
				21BD07C7286DB30E0055FC2B /* Frameworks */,
				21BD07C8286DB30E0055FC2B /* Resources */,
			);
			buildRules = (
			);
			dependencies = (
				21BD07CC286DB30E0055FC2B /* PBXTargetDependency */,
			);
			name = LloydsUITests;
			productName = LloydsUITests;
			productReference = 21BD07CA286DB30E0055FC2B /* LloydsUITests.xctest */;
			productType = "com.apple.product-type.bundle.ui-testing";
		};
/* End PBXNativeTarget section */

/* Begin PBXProject section */
		21BD07A2286DB30C0055FC2B /* Project object */ = {
			isa = PBXProject;
			attributes = {
				BuildIndependentTargetsInParallel = 1;
				LastSwiftUpdateCheck = 1340;
				LastUpgradeCheck = 1340;
				TargetAttributes = {
					21BD07A9286DB30C0055FC2B = {
						CreatedOnToolsVersion = 13.4.1;
					};
					21BD07BF286DB30E0055FC2B = {
						CreatedOnToolsVersion = 13.4.1;
						LastSwiftMigration = 1340;
						TestTargetID = 21BD07A9286DB30C0055FC2B;
					};
					21BD07C9286DB30E0055FC2B = {
						CreatedOnToolsVersion = 13.4.1;
						TestTargetID = 21BD07A9286DB30C0055FC2B;
					};
				};
			};
			buildConfigurationList = 21BD07A5286DB30C0055FC2B /* Build configuration list for PBXProject "Lloyds" */;
			compatibilityVersion = "Xcode 13.0";
			developmentRegion = en;
			hasScannedForEncodings = 0;
			knownRegions = (
				en,
				Base,
			);
			mainGroup = 21BD07A1286DB30C0055FC2B;
			packageReferences = (
				2137FB082872A3A300931D97 /* XCRemoteSwiftPackageReference "SDWebImage" */,
			);
			productRefGroup = 21BD07AB286DB30C0055FC2B /* Products */;
			projectDirPath = "";
			projectRoot = "";
			targets = (
				21BD07A9286DB30C0055FC2B /* Lloyds */,
				21BD07BF286DB30E0055FC2B /* LloydsTests */,
				21BD07C9286DB30E0055FC2B /* LloydsUITests */,
			);
		};
/* End PBXProject section */

/* Begin PBXResourcesBuildPhase section */
		21BD07A8286DB30C0055FC2B /* Resources */ = {
			isa = PBXResourcesBuildPhase;
			buildActionMask = 2147483647;
			files = (
				21BD07BA286DB30E0055FC2B /* LaunchScreen.storyboard in Resources */,
				21DED93028731BCC0030655E /* User.json in Resources */,
				2137FB142872BE4500931D97 /* Localizable.strings in Resources */,
				21BD07B7286DB30E0055FC2B /* Assets.xcassets in Resources */,
				21BD07B5286DB30C0055FC2B /* Main.storyboard in Resources */,
			);
			runOnlyForDeploymentPostprocessing = 0;
		};
		21BD07BE286DB30E0055FC2B /* Resources */ = {
			isa = PBXResourcesBuildPhase;
			buildActionMask = 2147483647;
			files = (
			);
			runOnlyForDeploymentPostprocessing = 0;
		};
		21BD07C8286DB30E0055FC2B /* Resources */ = {
			isa = PBXResourcesBuildPhase;
			buildActionMask = 2147483647;
			files = (
			);
			runOnlyForDeploymentPostprocessing = 0;
		};
/* End PBXResourcesBuildPhase section */

/* Begin PBXSourcesBuildPhase section */
		21BD07A6286DB30C0055FC2B /* Sources */ = {
			isa = PBXSourcesBuildPhase;
			buildActionMask = 2147483647;
			files = (
				2137FB072872A2AC00931D97 /* UserListTableViewCell.swift in Sources */,
				21AC2732287307DA00321DC5 /* Endpoints.swift in Sources */,
				21BD07B2286DB30C0055FC2B /* UserListVC.swift in Sources */,
				21AC2756287316E300321DC5 /* MockUseCase.swift in Sources */,
				21BD07AE286DB30C0055FC2B /* AppDelegate.swift in Sources */,
				2137FAE8286E375800931D97 /* NetworkClient.swift in Sources */,
				21AC2757287316EA00321DC5 /* MockRepository.swift in Sources */,
				21AC27582873176800321DC5 /* Helper.swift in Sources */,
				2137FB132872ACBA00931D97 /* Extension.swift in Sources */,
				21AC2730287304F000321DC5 /* UserListVC+Extensions.swift in Sources */,
				2137FAF0286EEE7800931D97 /* User.swift in Sources */,
				2137FB042872A20500931D97 /* UserListVC+DataSource.swift in Sources */,
				2137FAF3286EEEB800931D97 /* MockURLSession.swift in Sources */,
				21AC27212872F9E700321DC5 /* UserRepositiryImpl.swift in Sources */,
				2137FB1E2872F3B500931D97 /* UserUseCase.swift in Sources */,
				21AC271F2872F9DA00321DC5 /* UserRepository.swift in Sources */,
				21BD07B0286DB30C0055FC2B /* SceneDelegate.swift in Sources */,
				21AC272A2872FCF400321DC5 /* UserViewModel.swift in Sources */,
				2137FB202872F3F900931D97 /* UserUseCaseImpl.swift in Sources */,
				21AC272C2872FD2100321DC5 /* UserViewModelImpl.swift in Sources */,
			);
			runOnlyForDeploymentPostprocessing = 0;
		};
		21BD07BC286DB30E0055FC2B /* Sources */ = {
			isa = PBXSourcesBuildPhase;
			buildActionMask = 2147483647;
			files = (
				2137FAEE286ECB5E00931D97 /* NetworkClientTests.swift in Sources */,
				21AC274828730F8200321DC5 /* ProductRepository.swift in Sources */,
			);
			runOnlyForDeploymentPostprocessing = 0;
		};
		21BD07C6286DB30E0055FC2B /* Sources */ = {
			isa = PBXSourcesBuildPhase;
			buildActionMask = 2147483647;
			files = (
				21BD07CF286DB30E0055FC2B /* LloydsUITests.swift in Sources */,
				21BD07D1286DB30E0055FC2B /* LloydsUITestsLaunchTests.swift in Sources */,
			);
			runOnlyForDeploymentPostprocessing = 0;
		};
/* End PBXSourcesBuildPhase section */

/* Begin PBXTargetDependency section */
		21BD07C2286DB30E0055FC2B /* PBXTargetDependency */ = {
			isa = PBXTargetDependency;
			target = 21BD07A9286DB30C0055FC2B /* Lloyds */;
			targetProxy = 21BD07C1286DB30E0055FC2B /* PBXContainerItemProxy */;
		};
		21BD07CC286DB30E0055FC2B /* PBXTargetDependency */ = {
			isa = PBXTargetDependency;
			target = 21BD07A9286DB30C0055FC2B /* Lloyds */;
			targetProxy = 21BD07CB286DB30E0055FC2B /* PBXContainerItemProxy */;
		};
/* End PBXTargetDependency section */

/* Begin PBXVariantGroup section */
		2137FB162872BE4500931D97 /* Localizable.strings */ = {
			isa = PBXVariantGroup;
			children = (
				2137FB152872BE4500931D97 /* en */,
			);
			name = Localizable.strings;
			sourceTree = "<group>";
		};
		21BD07B3286DB30C0055FC2B /* Main.storyboard */ = {
			isa = PBXVariantGroup;
			children = (
				21BD07B4286DB30C0055FC2B /* Base */,
			);
			name = Main.storyboard;
			sourceTree = "<group>";
		};
		21BD07B8286DB30E0055FC2B /* LaunchScreen.storyboard */ = {
			isa = PBXVariantGroup;
			children = (
				21BD07B9286DB30E0055FC2B /* Base */,
			);
			name = LaunchScreen.storyboard;
			sourceTree = "<group>";
		};
/* End PBXVariantGroup section */

/* Begin XCBuildConfiguration section */
		21BD07D2286DB30E0055FC2B /* Debug */ = {
			isa = XCBuildConfiguration;
			buildSettings = {
				ALWAYS_SEARCH_USER_PATHS = NO;
				CLANG_ANALYZER_NONNULL = YES;
				CLANG_ANALYZER_NUMBER_OBJECT_CONVERSION = YES_AGGRESSIVE;
				CLANG_CXX_LANGUAGE_STANDARD = "gnu++17";
				CLANG_ENABLE_MODULES = YES;
				CLANG_ENABLE_OBJC_ARC = YES;
				CLANG_ENABLE_OBJC_WEAK = YES;
				CLANG_WARN_BLOCK_CAPTURE_AUTORELEASING = YES;
				CLANG_WARN_BOOL_CONVERSION = YES;
				CLANG_WARN_COMMA = YES;
				CLANG_WARN_CONSTANT_CONVERSION = YES;
				CLANG_WARN_DEPRECATED_OBJC_IMPLEMENTATIONS = YES;
				CLANG_WARN_DIRECT_OBJC_ISA_USAGE = YES_ERROR;
				CLANG_WARN_DOCUMENTATION_COMMENTS = YES;
				CLANG_WARN_EMPTY_BODY = YES;
				CLANG_WARN_ENUM_CONVERSION = YES;
				CLANG_WARN_INFINITE_RECURSION = YES;
				CLANG_WARN_INT_CONVERSION = YES;
				CLANG_WARN_NON_LITERAL_NULL_CONVERSION = YES;
				CLANG_WARN_OBJC_IMPLICIT_RETAIN_SELF = YES;
				CLANG_WARN_OBJC_LITERAL_CONVERSION = YES;
				CLANG_WARN_OBJC_ROOT_CLASS = YES_ERROR;
				CLANG_WARN_QUOTED_INCLUDE_IN_FRAMEWORK_HEADER = YES;
				CLANG_WARN_RANGE_LOOP_ANALYSIS = YES;
				CLANG_WARN_STRICT_PROTOTYPES = YES;
				CLANG_WARN_SUSPICIOUS_MOVE = YES;
				CLANG_WARN_UNGUARDED_AVAILABILITY = YES_AGGRESSIVE;
				CLANG_WARN_UNREACHABLE_CODE = YES;
				CLANG_WARN__DUPLICATE_METHOD_MATCH = YES;
				COPY_PHASE_STRIP = NO;
				DEBUG_INFORMATION_FORMAT = dwarf;
				ENABLE_STRICT_OBJC_MSGSEND = YES;
				ENABLE_TESTABILITY = YES;
				GCC_C_LANGUAGE_STANDARD = gnu11;
				GCC_DYNAMIC_NO_PIC = NO;
				GCC_NO_COMMON_BLOCKS = YES;
				GCC_OPTIMIZATION_LEVEL = 0;
				GCC_PREPROCESSOR_DEFINITIONS = (
					"DEBUG=1",
					"$(inherited)",
				);
				GCC_WARN_64_TO_32_BIT_CONVERSION = YES;
				GCC_WARN_ABOUT_RETURN_TYPE = YES_ERROR;
				GCC_WARN_UNDECLARED_SELECTOR = YES;
				GCC_WARN_UNINITIALIZED_AUTOS = YES_AGGRESSIVE;
				GCC_WARN_UNUSED_FUNCTION = YES;
				GCC_WARN_UNUSED_VARIABLE = YES;
				IPHONEOS_DEPLOYMENT_TARGET = 15.5;
				MTL_ENABLE_DEBUG_INFO = INCLUDE_SOURCE;
				MTL_FAST_MATH = YES;
				ONLY_ACTIVE_ARCH = YES;
				SDKROOT = iphoneos;
				SWIFT_ACTIVE_COMPILATION_CONDITIONS = DEBUG;
				SWIFT_OPTIMIZATION_LEVEL = "-Onone";
			};
			name = Debug;
		};
		21BD07D3286DB30E0055FC2B /* Release */ = {
			isa = XCBuildConfiguration;
			buildSettings = {
				ALWAYS_SEARCH_USER_PATHS = NO;
				CLANG_ANALYZER_NONNULL = YES;
				CLANG_ANALYZER_NUMBER_OBJECT_CONVERSION = YES_AGGRESSIVE;
				CLANG_CXX_LANGUAGE_STANDARD = "gnu++17";
				CLANG_ENABLE_MODULES = YES;
				CLANG_ENABLE_OBJC_ARC = YES;
				CLANG_ENABLE_OBJC_WEAK = YES;
				CLANG_WARN_BLOCK_CAPTURE_AUTORELEASING = YES;
				CLANG_WARN_BOOL_CONVERSION = YES;
				CLANG_WARN_COMMA = YES;
				CLANG_WARN_CONSTANT_CONVERSION = YES;
				CLANG_WARN_DEPRECATED_OBJC_IMPLEMENTATIONS = YES;
				CLANG_WARN_DIRECT_OBJC_ISA_USAGE = YES_ERROR;
				CLANG_WARN_DOCUMENTATION_COMMENTS = YES;
				CLANG_WARN_EMPTY_BODY = YES;
				CLANG_WARN_ENUM_CONVERSION = YES;
				CLANG_WARN_INFINITE_RECURSION = YES;
				CLANG_WARN_INT_CONVERSION = YES;
				CLANG_WARN_NON_LITERAL_NULL_CONVERSION = YES;
				CLANG_WARN_OBJC_IMPLICIT_RETAIN_SELF = YES;
				CLANG_WARN_OBJC_LITERAL_CONVERSION = YES;
				CLANG_WARN_OBJC_ROOT_CLASS = YES_ERROR;
				CLANG_WARN_QUOTED_INCLUDE_IN_FRAMEWORK_HEADER = YES;
				CLANG_WARN_RANGE_LOOP_ANALYSIS = YES;
				CLANG_WARN_STRICT_PROTOTYPES = YES;
				CLANG_WARN_SUSPICIOUS_MOVE = YES;
				CLANG_WARN_UNGUARDED_AVAILABILITY = YES_AGGRESSIVE;
				CLANG_WARN_UNREACHABLE_CODE = YES;
				CLANG_WARN__DUPLICATE_METHOD_MATCH = YES;
				COPY_PHASE_STRIP = NO;
				DEBUG_INFORMATION_FORMAT = "dwarf-with-dsym";
				ENABLE_NS_ASSERTIONS = NO;
				ENABLE_STRICT_OBJC_MSGSEND = YES;
				GCC_C_LANGUAGE_STANDARD = gnu11;
				GCC_NO_COMMON_BLOCKS = YES;
				GCC_WARN_64_TO_32_BIT_CONVERSION = YES;
				GCC_WARN_ABOUT_RETURN_TYPE = YES_ERROR;
				GCC_WARN_UNDECLARED_SELECTOR = YES;
				GCC_WARN_UNINITIALIZED_AUTOS = YES_AGGRESSIVE;
				GCC_WARN_UNUSED_FUNCTION = YES;
				GCC_WARN_UNUSED_VARIABLE = YES;
				IPHONEOS_DEPLOYMENT_TARGET = 15.5;
				MTL_ENABLE_DEBUG_INFO = NO;
				MTL_FAST_MATH = YES;
				SDKROOT = iphoneos;
				SWIFT_COMPILATION_MODE = wholemodule;
				SWIFT_OPTIMIZATION_LEVEL = "-O";
				VALIDATE_PRODUCT = YES;
			};
			name = Release;
		};
		21BD07D5286DB30E0055FC2B /* Debug */ = {
			isa = XCBuildConfiguration;
			buildSettings = {
				ASSETCATALOG_COMPILER_APPICON_NAME = AppIcon;
				ASSETCATALOG_COMPILER_GLOBAL_ACCENT_COLOR_NAME = AccentColor;
				CODE_SIGN_STYLE = Automatic;
				CURRENT_PROJECT_VERSION = 1;
				GENERATE_INFOPLIST_FILE = YES;
				INFOPLIST_FILE = Lloyds/Info.plist;
				INFOPLIST_KEY_UIApplicationSupportsIndirectInputEvents = YES;
				INFOPLIST_KEY_UILaunchStoryboardName = LaunchScreen;
				INFOPLIST_KEY_UIMainStoryboardFile = Main;
				INFOPLIST_KEY_UISupportedInterfaceOrientations_iPad = "UIInterfaceOrientationPortrait UIInterfaceOrientationPortraitUpsideDown UIInterfaceOrientationLandscapeLeft UIInterfaceOrientationLandscapeRight";
				INFOPLIST_KEY_UISupportedInterfaceOrientations_iPhone = "UIInterfaceOrientationPortrait UIInterfaceOrientationLandscapeLeft UIInterfaceOrientationLandscapeRight";
				IPHONEOS_DEPLOYMENT_TARGET = 13.0;
				LD_RUNPATH_SEARCH_PATHS = (
					"$(inherited)",
					"@executable_path/Frameworks",
				);
				MARKETING_VERSION = 1.0;
				PRODUCT_BUNDLE_IDENTIFIER = com.publicissapient.Lloyds;
				PRODUCT_NAME = "$(TARGET_NAME)";
				SWIFT_EMIT_LOC_STRINGS = YES;
				SWIFT_VERSION = 5.0;
				TARGETED_DEVICE_FAMILY = "1,2";
			};
			name = Debug;
		};
		21BD07D6286DB30E0055FC2B /* Release */ = {
			isa = XCBuildConfiguration;
			buildSettings = {
				ASSETCATALOG_COMPILER_APPICON_NAME = AppIcon;
				ASSETCATALOG_COMPILER_GLOBAL_ACCENT_COLOR_NAME = AccentColor;
				CODE_SIGN_STYLE = Automatic;
				CURRENT_PROJECT_VERSION = 1;
				GENERATE_INFOPLIST_FILE = YES;
				INFOPLIST_FILE = Lloyds/Info.plist;
				INFOPLIST_KEY_UIApplicationSupportsIndirectInputEvents = YES;
				INFOPLIST_KEY_UILaunchStoryboardName = LaunchScreen;
				INFOPLIST_KEY_UIMainStoryboardFile = Main;
				INFOPLIST_KEY_UISupportedInterfaceOrientations_iPad = "UIInterfaceOrientationPortrait UIInterfaceOrientationPortraitUpsideDown UIInterfaceOrientationLandscapeLeft UIInterfaceOrientationLandscapeRight";
				INFOPLIST_KEY_UISupportedInterfaceOrientations_iPhone = "UIInterfaceOrientationPortrait UIInterfaceOrientationLandscapeLeft UIInterfaceOrientationLandscapeRight";
				IPHONEOS_DEPLOYMENT_TARGET = 13.0;
				LD_RUNPATH_SEARCH_PATHS = (
					"$(inherited)",
					"@executable_path/Frameworks",
				);
				MARKETING_VERSION = 1.0;
				PRODUCT_BUNDLE_IDENTIFIER = com.publicissapient.Lloyds;
				PRODUCT_NAME = "$(TARGET_NAME)";
				SWIFT_EMIT_LOC_STRINGS = YES;
				SWIFT_VERSION = 5.0;
				TARGETED_DEVICE_FAMILY = "1,2";
			};
			name = Release;
		};
		21BD07D8286DB30E0055FC2B /* Debug */ = {
			isa = XCBuildConfiguration;
			buildSettings = {
				ALWAYS_EMBED_SWIFT_STANDARD_LIBRARIES = YES;
				BUNDLE_LOADER = "$(TEST_HOST)";
				CLANG_ENABLE_MODULES = YES;
				CODE_SIGN_STYLE = Automatic;
				CURRENT_PROJECT_VERSION = 1;
				GENERATE_INFOPLIST_FILE = YES;
				IPHONEOS_DEPLOYMENT_TARGET = 15.5;
				LD_RUNPATH_SEARCH_PATHS = (
					"$(inherited)",
					"@executable_path/Frameworks",
					"@loader_path/Frameworks",
				);
				MARKETING_VERSION = 1.0;
				PRODUCT_BUNDLE_IDENTIFIER = Assignment.LloydsTests;
				PRODUCT_NAME = "$(TARGET_NAME)";
				SWIFT_EMIT_LOC_STRINGS = NO;
				SWIFT_OPTIMIZATION_LEVEL = "-Onone";
				SWIFT_VERSION = 5.0;
				TARGETED_DEVICE_FAMILY = "1,2";
				TEST_HOST = "$(BUILT_PRODUCTS_DIR)/Lloyds.app/Lloyds";
			};
			name = Debug;
		};
		21BD07D9286DB30E0055FC2B /* Release */ = {
			isa = XCBuildConfiguration;
			buildSettings = {
				ALWAYS_EMBED_SWIFT_STANDARD_LIBRARIES = YES;
				BUNDLE_LOADER = "$(TEST_HOST)";
				CLANG_ENABLE_MODULES = YES;
				CODE_SIGN_STYLE = Automatic;
				CURRENT_PROJECT_VERSION = 1;
				GENERATE_INFOPLIST_FILE = YES;
				IPHONEOS_DEPLOYMENT_TARGET = 15.5;
				LD_RUNPATH_SEARCH_PATHS = (
					"$(inherited)",
					"@executable_path/Frameworks",
					"@loader_path/Frameworks",
				);
				MARKETING_VERSION = 1.0;
				PRODUCT_BUNDLE_IDENTIFIER = Assignment.LloydsTests;
				PRODUCT_NAME = "$(TARGET_NAME)";
				SWIFT_EMIT_LOC_STRINGS = NO;
				SWIFT_VERSION = 5.0;
				TARGETED_DEVICE_FAMILY = "1,2";
				TEST_HOST = "$(BUILT_PRODUCTS_DIR)/Lloyds.app/Lloyds";
			};
			name = Release;
		};
		21BD07DB286DB30E0055FC2B /* Debug */ = {
			isa = XCBuildConfiguration;
			buildSettings = {
				ALWAYS_EMBED_SWIFT_STANDARD_LIBRARIES = YES;
				CODE_SIGN_STYLE = Automatic;
				CURRENT_PROJECT_VERSION = 1;
				GENERATE_INFOPLIST_FILE = YES;
				MARKETING_VERSION = 1.0;
				PRODUCT_BUNDLE_IDENTIFIER = Assignment.LloydsUITests;
				PRODUCT_NAME = "$(TARGET_NAME)";
				SWIFT_EMIT_LOC_STRINGS = NO;
				SWIFT_VERSION = 5.0;
				TARGETED_DEVICE_FAMILY = "1,2";
				TEST_TARGET_NAME = Lloyds;
			};
			name = Debug;
		};
		21BD07DC286DB30E0055FC2B /* Release */ = {
			isa = XCBuildConfiguration;
			buildSettings = {
				ALWAYS_EMBED_SWIFT_STANDARD_LIBRARIES = YES;
				CODE_SIGN_STYLE = Automatic;
				CURRENT_PROJECT_VERSION = 1;
				GENERATE_INFOPLIST_FILE = YES;
				MARKETING_VERSION = 1.0;
				PRODUCT_BUNDLE_IDENTIFIER = Assignment.LloydsUITests;
				PRODUCT_NAME = "$(TARGET_NAME)";
				SWIFT_EMIT_LOC_STRINGS = NO;
				SWIFT_VERSION = 5.0;
				TARGETED_DEVICE_FAMILY = "1,2";
				TEST_TARGET_NAME = Lloyds;
			};
			name = Release;
		};
/* End XCBuildConfiguration section */

/* Begin XCConfigurationList section */
		21BD07A5286DB30C0055FC2B /* Build configuration list for PBXProject "Lloyds" */ = {
			isa = XCConfigurationList;
			buildConfigurations = (
				21BD07D2286DB30E0055FC2B /* Debug */,
				21BD07D3286DB30E0055FC2B /* Release */,
			);
			defaultConfigurationIsVisible = 0;
			defaultConfigurationName = Release;
		};
		21BD07D4286DB30E0055FC2B /* Build configuration list for PBXNativeTarget "Lloyds" */ = {
			isa = XCConfigurationList;
			buildConfigurations = (
				21BD07D5286DB30E0055FC2B /* Debug */,
				21BD07D6286DB30E0055FC2B /* Release */,
			);
			defaultConfigurationIsVisible = 0;
			defaultConfigurationName = Release;
		};
		21BD07D7286DB30E0055FC2B /* Build configuration list for PBXNativeTarget "LloydsTests" */ = {
			isa = XCConfigurationList;
			buildConfigurations = (
				21BD07D8286DB30E0055FC2B /* Debug */,
				21BD07D9286DB30E0055FC2B /* Release */,
			);
			defaultConfigurationIsVisible = 0;
			defaultConfigurationName = Release;
		};
		21BD07DA286DB30E0055FC2B /* Build configuration list for PBXNativeTarget "LloydsUITests" */ = {
			isa = XCConfigurationList;
			buildConfigurations = (
				21BD07DB286DB30E0055FC2B /* Debug */,
				21BD07DC286DB30E0055FC2B /* Release */,
			);
			defaultConfigurationIsVisible = 0;
			defaultConfigurationName = Release;
		};
/* End XCConfigurationList section */

/* Begin XCRemoteSwiftPackageReference section */
		2137FB082872A3A300931D97 /* XCRemoteSwiftPackageReference "SDWebImage" */ = {
			isa = XCRemoteSwiftPackageReference;
			repositoryURL = "https://github.com/SDWebImage/SDWebImage.git";
			requirement = {
				kind = upToNextMajorVersion;
				minimumVersion = 5.0.0;
			};
		};
/* End XCRemoteSwiftPackageReference section */

/* Begin XCSwiftPackageProductDependency section */
		2137FB092872A3A300931D97 /* SDWebImage */ = {
			isa = XCSwiftPackageProductDependency;
			package = 2137FB082872A3A300931D97 /* XCRemoteSwiftPackageReference "SDWebImage" */;
			productName = SDWebImage;
		};
/* End XCSwiftPackageProductDependency section */
	};
	rootObject = 21BD07A2286DB30C0055FC2B /* Project object */;
}
