// !$*UTF8*$!
{
	archiveVersion = 1;
	classes = {
	};
	objectVersion = 55;
	objects = {

/* Begin PBXBuildFile section */
		2186BEDE287DDC5400A65A2F /* IUserUseCase.swift in Sources */ = {isa = PBXBuildFile; fileRef = 2186BEDD287DDC5400A65A2F /* IUserUseCase.swift */; };
		2186BEE0287DDC5F00A65A2F /* UserUseCase.swift in Sources */ = {isa = PBXBuildFile; fileRef = 2186BEDF287DDC5F00A65A2F /* UserUseCase.swift */; };
		2186BEE2287DDC6C00A65A2F /* IUserService.swift in Sources */ = {isa = PBXBuildFile; fileRef = 2186BEE1287DDC6C00A65A2F /* IUserService.swift */; };
		2186BEE4287DDC7700A65A2F /* UserService.swift in Sources */ = {isa = PBXBuildFile; fileRef = 2186BEE3287DDC7700A65A2F /* UserService.swift */; };
		2186BEE6287DDC9500A65A2F /* IUserRepository.swift in Sources */ = {isa = PBXBuildFile; fileRef = 2186BEE5287DDC9500A65A2F /* IUserRepository.swift */; };
		2186BEE8287DDC9F00A65A2F /* UserRepository.swift in Sources */ = {isa = PBXBuildFile; fileRef = 2186BEE7287DDC9F00A65A2F /* UserRepository.swift */; };
		2186BEEA287DE01B00A65A2F /* NetworkManager.swift in Sources */ = {isa = PBXBuildFile; fileRef = 2186BEE9287DE01B00A65A2F /* NetworkManager.swift */; };
		2186BEEF287DE0CC00A65A2F /* NetworkError.swift in Sources */ = {isa = PBXBuildFile; fileRef = 2186BEEE287DE0CC00A65A2F /* NetworkError.swift */; };
		2186BEF2287DF48200A65A2F /* UserDomainListDTO.swift in Sources */ = {isa = PBXBuildFile; fileRef = 2186BEF1287DF48200A65A2F /* UserDomainListDTO.swift */; };
		2186BEF5287DFA2F00A65A2F /* UserDataListDTO.swift in Sources */ = {isa = PBXBuildFile; fileRef = 2186BEF4287DFA2F00A65A2F /* UserDataListDTO.swift */; };
		2186BEFA287E101600A65A2F /* Constant.swift in Sources */ = {isa = PBXBuildFile; fileRef = 2186BEF9287E101600A65A2F /* Constant.swift */; };
		2186BEFD287E296200A65A2F /* DataList.swift in Sources */ = {isa = PBXBuildFile; fileRef = 2186BEFC287E296200A65A2F /* DataList.swift */; };
		2186BF01287EACCF00A65A2F /* UserListVC+Extensions.swift in Sources */ = {isa = PBXBuildFile; fileRef = 2186BEFE287EACCF00A65A2F /* UserListVC+Extensions.swift */; };
		2186BF02287EACCF00A65A2F /* UserListVC.swift in Sources */ = {isa = PBXBuildFile; fileRef = 2186BEFF287EACCF00A65A2F /* UserListVC.swift */; };
		2186BF03287EACCF00A65A2F /* UserListVC+DataSource.swift in Sources */ = {isa = PBXBuildFile; fileRef = 2186BF00287EACCF00A65A2F /* UserListVC+DataSource.swift */; };
		2186BF05287EAD1B00A65A2F /* UserListTableViewCell.swift in Sources */ = {isa = PBXBuildFile; fileRef = 2186BF04287EAD1B00A65A2F /* UserListTableViewCell.swift */; };
		2186BF09287EAD2100A65A2F /* IUserViewModel.swift in Sources */ = {isa = PBXBuildFile; fileRef = 2186BF06287EAD2100A65A2F /* IUserViewModel.swift */; };
		2186BF0A287EAD2100A65A2F /* UserCellViewModel.swift in Sources */ = {isa = PBXBuildFile; fileRef = 2186BF07287EAD2100A65A2F /* UserCellViewModel.swift */; };
		2186BF0B287EAD2100A65A2F /* UserViewModel.swift in Sources */ = {isa = PBXBuildFile; fileRef = 2186BF08287EAD2100A65A2F /* UserViewModel.swift */; };
		2186BF0E287EAEDD00A65A2F /* SDWebImage in Frameworks */ = {isa = PBXBuildFile; productRef = 2186BF0D287EAEDD00A65A2F /* SDWebImage */; };
		2186BF11287EAF0900A65A2F /* Extension.swift in Sources */ = {isa = PBXBuildFile; fileRef = 2186BF10287EAF0900A65A2F /* Extension.swift */; };
		2186BF13287EB00E00A65A2F /* UserContainer.swift in Sources */ = {isa = PBXBuildFile; fileRef = 2186BF12287EB00E00A65A2F /* UserContainer.swift */; };
		2186BF17287EB1F000A65A2F /* Localizable.strings in Resources */ = {isa = PBXBuildFile; fileRef = 2186BF15287EB1F000A65A2F /* Localizable.strings */; };
		2186BF1A287EB38000A65A2F /* User.json in Resources */ = {isa = PBXBuildFile; fileRef = 2186BF19287EB38000A65A2F /* User.json */; };
		2186BF2F287ED40300A65A2F /* MockUseCase.swift in Sources */ = {isa = PBXBuildFile; fileRef = 2186BF2E287ED40300A65A2F /* MockUseCase.swift */; };
		2186BF31287ED41000A65A2F /* MockRepository.swift in Sources */ = {isa = PBXBuildFile; fileRef = 2186BF30287ED41000A65A2F /* MockRepository.swift */; };
		2186BF33287ED42900A65A2F /* MockService.swift in Sources */ = {isa = PBXBuildFile; fileRef = 2186BF32287ED42900A65A2F /* MockService.swift */; };
		2186BF35287ED44800A65A2F /* MockNetworkManager.swift in Sources */ = {isa = PBXBuildFile; fileRef = 2186BF34287ED44800A65A2F /* MockNetworkManager.swift */; };
		2186BF37287ED47700A65A2F /* MockData.swift in Sources */ = {isa = PBXBuildFile; fileRef = 2186BF36287ED47700A65A2F /* MockData.swift */; };
		2186BF3D287EDAF800A65A2F /* UserUseCaseTest.swift in Sources */ = {isa = PBXBuildFile; fileRef = 2186BF3C287EDAF800A65A2F /* UserUseCaseTest.swift */; };
		2186BF3F287EDB1800A65A2F /* UserRepositoryTest.swift in Sources */ = {isa = PBXBuildFile; fileRef = 2186BF3E287EDB1800A65A2F /* UserRepositoryTest.swift */; };
		2186BF41287EDB2E00A65A2F /* UserServiceTest.swift in Sources */ = {isa = PBXBuildFile; fileRef = 2186BF40287EDB2E00A65A2F /* UserServiceTest.swift */; };
		2186BF43287EDB4500A65A2F /* UserViewModelTest.swift in Sources */ = {isa = PBXBuildFile; fileRef = 2186BF42287EDB4500A65A2F /* UserViewModelTest.swift */; };
		2186BF46287EECB300A65A2F /* SDWebImage in Frameworks */ = {isa = PBXBuildFile; productRef = 2186BF45287EECB300A65A2F /* SDWebImage */; };
		2193E7D1287F0D16005FD2EB /* NetworkClientTests.swift in Sources */ = {isa = PBXBuildFile; fileRef = 2193E7CF287F0D16005FD2EB /* NetworkClientTests.swift */; };
		2193E7D4287F1770005FD2EB /* MockURLProtocol.swift in Sources */ = {isa = PBXBuildFile; fileRef = 2193E7D0287F0D16005FD2EB /* MockURLProtocol.swift */; };
		21DED9BC287D93290030655E /* AppDelegate.swift in Sources */ = {isa = PBXBuildFile; fileRef = 21DED9BB287D93290030655E /* AppDelegate.swift */; };
		21DED9BE287D93290030655E /* SceneDelegate.swift in Sources */ = {isa = PBXBuildFile; fileRef = 21DED9BD287D93290030655E /* SceneDelegate.swift */; };
		21DED9C3287D93290030655E /* Main.storyboard in Resources */ = {isa = PBXBuildFile; fileRef = 21DED9C1287D93290030655E /* Main.storyboard */; };
		21DED9C5287D932A0030655E /* Assets.xcassets in Resources */ = {isa = PBXBuildFile; fileRef = 21DED9C4287D932A0030655E /* Assets.xcassets */; };
		21DED9C8287D932A0030655E /* LaunchScreen.storyboard in Resources */ = {isa = PBXBuildFile; fileRef = 21DED9C6287D932A0030655E /* LaunchScreen.storyboard */; };
		21DED9DD287D932A0030655E /* LloydsUITests.swift in Sources */ = {isa = PBXBuildFile; fileRef = 21DED9DC287D932A0030655E /* LloydsUITests.swift */; };
		21DED9DF287D932A0030655E /* LloydsUITestsLaunchTests.swift in Sources */ = {isa = PBXBuildFile; fileRef = 21DED9DE287D932A0030655E /* LloydsUITestsLaunchTests.swift */; };
		21DED9ED287D9C830030655E /* AppDIContainer.swift in Sources */ = {isa = PBXBuildFile; fileRef = 21DED9EC287D9C830030655E /* AppDIContainer.swift */; };
/* End PBXBuildFile section */

/* Begin PBXContainerItemProxy section */
		21DED9CF287D932A0030655E /* PBXContainerItemProxy */ = {
			isa = PBXContainerItemProxy;
			containerPortal = 21DED9B0287D93290030655E /* Project object */;
			proxyType = 1;
			remoteGlobalIDString = 21DED9B7287D93290030655E;
			remoteInfo = Lloyds;
		};
		21DED9D9287D932A0030655E /* PBXContainerItemProxy */ = {
			isa = PBXContainerItemProxy;
			containerPortal = 21DED9B0287D93290030655E /* Project object */;
			proxyType = 1;
			remoteGlobalIDString = 21DED9B7287D93290030655E;
			remoteInfo = Lloyds;
		};
/* End PBXContainerItemProxy section */

/* Begin PBXFileReference section */
		2186BEDD287DDC5400A65A2F /* IUserUseCase.swift */ = {isa = PBXFileReference; lastKnownFileType = sourcecode.swift; path = IUserUseCase.swift; sourceTree = "<group>"; };
		2186BEDF287DDC5F00A65A2F /* UserUseCase.swift */ = {isa = PBXFileReference; lastKnownFileType = sourcecode.swift; path = UserUseCase.swift; sourceTree = "<group>"; };
		2186BEE1287DDC6C00A65A2F /* IUserService.swift */ = {isa = PBXFileReference; lastKnownFileType = sourcecode.swift; path = IUserService.swift; sourceTree = "<group>"; };
		2186BEE3287DDC7700A65A2F /* UserService.swift */ = {isa = PBXFileReference; lastKnownFileType = sourcecode.swift; path = UserService.swift; sourceTree = "<group>"; };
		2186BEE5287DDC9500A65A2F /* IUserRepository.swift */ = {isa = PBXFileReference; lastKnownFileType = sourcecode.swift; path = IUserRepository.swift; sourceTree = "<group>"; };
		2186BEE7287DDC9F00A65A2F /* UserRepository.swift */ = {isa = PBXFileReference; lastKnownFileType = sourcecode.swift; path = UserRepository.swift; sourceTree = "<group>"; };
		2186BEE9287DE01B00A65A2F /* NetworkManager.swift */ = {isa = PBXFileReference; lastKnownFileType = sourcecode.swift; path = NetworkManager.swift; sourceTree = "<group>"; };
		2186BEEE287DE0CC00A65A2F /* NetworkError.swift */ = {isa = PBXFileReference; lastKnownFileType = sourcecode.swift; path = NetworkError.swift; sourceTree = "<group>"; };
		2186BEF1287DF48200A65A2F /* UserDomainListDTO.swift */ = {isa = PBXFileReference; lastKnownFileType = sourcecode.swift; path = UserDomainListDTO.swift; sourceTree = "<group>"; };
		2186BEF4287DFA2F00A65A2F /* UserDataListDTO.swift */ = {isa = PBXFileReference; lastKnownFileType = sourcecode.swift; path = UserDataListDTO.swift; sourceTree = "<group>"; };
		2186BEF9287E101600A65A2F /* Constant.swift */ = {isa = PBXFileReference; lastKnownFileType = sourcecode.swift; path = Constant.swift; sourceTree = "<group>"; };
		2186BEFC287E296200A65A2F /* DataList.swift */ = {isa = PBXFileReference; lastKnownFileType = sourcecode.swift; path = DataList.swift; sourceTree = "<group>"; };
		2186BEFE287EACCF00A65A2F /* UserListVC+Extensions.swift */ = {isa = PBXFileReference; fileEncoding = 4; lastKnownFileType = sourcecode.swift; path = "UserListVC+Extensions.swift"; sourceTree = "<group>"; };
		2186BEFF287EACCF00A65A2F /* UserListVC.swift */ = {isa = PBXFileReference; fileEncoding = 4; lastKnownFileType = sourcecode.swift; path = UserListVC.swift; sourceTree = "<group>"; };
		2186BF00287EACCF00A65A2F /* UserListVC+DataSource.swift */ = {isa = PBXFileReference; fileEncoding = 4; lastKnownFileType = sourcecode.swift; path = "UserListVC+DataSource.swift"; sourceTree = "<group>"; };
		2186BF04287EAD1B00A65A2F /* UserListTableViewCell.swift */ = {isa = PBXFileReference; fileEncoding = 4; lastKnownFileType = sourcecode.swift; path = UserListTableViewCell.swift; sourceTree = "<group>"; };
		2186BF06287EAD2100A65A2F /* IUserViewModel.swift */ = {isa = PBXFileReference; fileEncoding = 4; lastKnownFileType = sourcecode.swift; path = IUserViewModel.swift; sourceTree = "<group>"; };
		2186BF07287EAD2100A65A2F /* UserCellViewModel.swift */ = {isa = PBXFileReference; fileEncoding = 4; lastKnownFileType = sourcecode.swift; path = UserCellViewModel.swift; sourceTree = "<group>"; };
		2186BF08287EAD2100A65A2F /* UserViewModel.swift */ = {isa = PBXFileReference; fileEncoding = 4; lastKnownFileType = sourcecode.swift; path = UserViewModel.swift; sourceTree = "<group>"; };
		2186BF10287EAF0900A65A2F /* Extension.swift */ = {isa = PBXFileReference; fileEncoding = 4; lastKnownFileType = sourcecode.swift; path = Extension.swift; sourceTree = "<group>"; };
		2186BF12287EB00E00A65A2F /* UserContainer.swift */ = {isa = PBXFileReference; fileEncoding = 4; lastKnownFileType = sourcecode.swift; path = UserContainer.swift; sourceTree = "<group>"; };
		2186BF16287EB1F000A65A2F /* en */ = {isa = PBXFileReference; lastKnownFileType = text.plist.strings; name = en; path = en.lproj/Localizable.strings; sourceTree = "<group>"; };
		2186BF19287EB38000A65A2F /* User.json */ = {isa = PBXFileReference; fileEncoding = 4; lastKnownFileType = text.json; path = User.json; sourceTree = "<group>"; };
		2186BF2E287ED40300A65A2F /* MockUseCase.swift */ = {isa = PBXFileReference; lastKnownFileType = sourcecode.swift; path = MockUseCase.swift; sourceTree = "<group>"; };
		2186BF30287ED41000A65A2F /* MockRepository.swift */ = {isa = PBXFileReference; lastKnownFileType = sourcecode.swift; path = MockRepository.swift; sourceTree = "<group>"; };
		2186BF32287ED42900A65A2F /* MockService.swift */ = {isa = PBXFileReference; lastKnownFileType = sourcecode.swift; path = MockService.swift; sourceTree = "<group>"; };
		2186BF34287ED44800A65A2F /* MockNetworkManager.swift */ = {isa = PBXFileReference; lastKnownFileType = sourcecode.swift; path = MockNetworkManager.swift; sourceTree = "<group>"; };
		2186BF36287ED47700A65A2F /* MockData.swift */ = {isa = PBXFileReference; lastKnownFileType = sourcecode.swift; path = MockData.swift; sourceTree = "<group>"; };
		2186BF3C287EDAF800A65A2F /* UserUseCaseTest.swift */ = {isa = PBXFileReference; lastKnownFileType = sourcecode.swift; path = UserUseCaseTest.swift; sourceTree = "<group>"; };
		2186BF3E287EDB1800A65A2F /* UserRepositoryTest.swift */ = {isa = PBXFileReference; lastKnownFileType = sourcecode.swift; path = UserRepositoryTest.swift; sourceTree = "<group>"; };
		2186BF40287EDB2E00A65A2F /* UserServiceTest.swift */ = {isa = PBXFileReference; lastKnownFileType = sourcecode.swift; path = UserServiceTest.swift; sourceTree = "<group>"; };
		2186BF42287EDB4500A65A2F /* UserViewModelTest.swift */ = {isa = PBXFileReference; lastKnownFileType = sourcecode.swift; path = UserViewModelTest.swift; sourceTree = "<group>"; };
		2193E7CF287F0D16005FD2EB /* NetworkClientTests.swift */ = {isa = PBXFileReference; fileEncoding = 4; lastKnownFileType = sourcecode.swift; path = NetworkClientTests.swift; sourceTree = "<group>"; };
		2193E7D0287F0D16005FD2EB /* MockURLProtocol.swift */ = {isa = PBXFileReference; fileEncoding = 4; lastKnownFileType = sourcecode.swift; path = MockURLProtocol.swift; sourceTree = "<group>"; };
		21DED9B8287D93290030655E /* Lloyds.app */ = {isa = PBXFileReference; explicitFileType = wrapper.application; includeInIndex = 0; path = Lloyds.app; sourceTree = BUILT_PRODUCTS_DIR; };
		21DED9BB287D93290030655E /* AppDelegate.swift */ = {isa = PBXFileReference; lastKnownFileType = sourcecode.swift; path = AppDelegate.swift; sourceTree = "<group>"; };
		21DED9BD287D93290030655E /* SceneDelegate.swift */ = {isa = PBXFileReference; lastKnownFileType = sourcecode.swift; path = SceneDelegate.swift; sourceTree = "<group>"; };
		21DED9C2287D93290030655E /* Base */ = {isa = PBXFileReference; lastKnownFileType = file.storyboard; name = Base; path = Base.lproj/Main.storyboard; sourceTree = "<group>"; };
		21DED9C4287D932A0030655E /* Assets.xcassets */ = {isa = PBXFileReference; lastKnownFileType = folder.assetcatalog; path = Assets.xcassets; sourceTree = "<group>"; };
		21DED9C7287D932A0030655E /* Base */ = {isa = PBXFileReference; lastKnownFileType = file.storyboard; name = Base; path = Base.lproj/LaunchScreen.storyboard; sourceTree = "<group>"; };
		21DED9C9287D932A0030655E /* Info.plist */ = {isa = PBXFileReference; lastKnownFileType = text.plist.xml; path = Info.plist; sourceTree = "<group>"; };
		21DED9CE287D932A0030655E /* LloydsTests.xctest */ = {isa = PBXFileReference; explicitFileType = wrapper.cfbundle; includeInIndex = 0; path = LloydsTests.xctest; sourceTree = BUILT_PRODUCTS_DIR; };
		21DED9D8287D932A0030655E /* LloydsUITests.xctest */ = {isa = PBXFileReference; explicitFileType = wrapper.cfbundle; includeInIndex = 0; path = LloydsUITests.xctest; sourceTree = BUILT_PRODUCTS_DIR; };
		21DED9DC287D932A0030655E /* LloydsUITests.swift */ = {isa = PBXFileReference; lastKnownFileType = sourcecode.swift; path = LloydsUITests.swift; sourceTree = "<group>"; };
		21DED9DE287D932A0030655E /* LloydsUITestsLaunchTests.swift */ = {isa = PBXFileReference; lastKnownFileType = sourcecode.swift; path = LloydsUITestsLaunchTests.swift; sourceTree = "<group>"; };
		21DED9EC287D9C830030655E /* AppDIContainer.swift */ = {isa = PBXFileReference; lastKnownFileType = sourcecode.swift; path = AppDIContainer.swift; sourceTree = "<group>"; };
/* End PBXFileReference section */

/* Begin PBXFrameworksBuildPhase section */
		21DED9B5287D93290030655E /* Frameworks */ = {
			isa = PBXFrameworksBuildPhase;
			buildActionMask = 2147483647;
			files = (
				2186BF0E287EAEDD00A65A2F /* SDWebImage in Frameworks */,
			);
			runOnlyForDeploymentPostprocessing = 0;
		};
		21DED9CB287D932A0030655E /* Frameworks */ = {
			isa = PBXFrameworksBuildPhase;
			buildActionMask = 2147483647;
			files = (
			);
			runOnlyForDeploymentPostprocessing = 0;
		};
		21DED9D5287D932A0030655E /* Frameworks */ = {
			isa = PBXFrameworksBuildPhase;
			buildActionMask = 2147483647;
			files = (
				2186BF46287EECB300A65A2F /* SDWebImage in Frameworks */,
			);
			runOnlyForDeploymentPostprocessing = 0;
		};
/* End PBXFrameworksBuildPhase section */

/* Begin PBXGroup section */
		2186BED2287DD8B600A65A2F /* Modules */ = {
			isa = PBXGroup;
			children = (
				2186BED3287DD8BD00A65A2F /* User */,
			);
			path = Modules;
			sourceTree = "<group>";
		};
		2186BED3287DD8BD00A65A2F /* User */ = {
			isa = PBXGroup;
			children = (
				2186BF12287EB00E00A65A2F /* UserContainer.swift */,
				2186BEDA287DD91500A65A2F /* Presentation */,
				2186BED8287DD90400A65A2F /* Domain */,
				2186BED4287DD8C800A65A2F /* Data */,
			);
			path = User;
			sourceTree = "<group>";
		};
		2186BED4287DD8C800A65A2F /* Data */ = {
			isa = PBXGroup;
			children = (
				2186BEF9287E101600A65A2F /* Constant.swift */,
				2186BEF3287DFA1F00A65A2F /* Entities */,
				2186BED5287DD8CF00A65A2F /* Repository */,
				2186BED6287DD8D700A65A2F /* Service */,
			);
			path = Data;
			sourceTree = "<group>";
		};
		2186BED5287DD8CF00A65A2F /* Repository */ = {
			isa = PBXGroup;
			children = (
				2186BEE5287DDC9500A65A2F /* IUserRepository.swift */,
				2186BEE7287DDC9F00A65A2F /* UserRepository.swift */,
			);
			path = Repository;
			sourceTree = "<group>";
		};
		2186BED6287DD8D700A65A2F /* Service */ = {
			isa = PBXGroup;
			children = (
				2186BEE1287DDC6C00A65A2F /* IUserService.swift */,
				2186BEE3287DDC7700A65A2F /* UserService.swift */,
			);
			path = Service;
			sourceTree = "<group>";
		};
		2186BED8287DD90400A65A2F /* Domain */ = {
			isa = PBXGroup;
			children = (
				2186BEF0287DF45B00A65A2F /* Entities */,
				2186BED9287DD90C00A65A2F /* UseCase */,
			);
			path = Domain;
			sourceTree = "<group>";
		};
		2186BED9287DD90C00A65A2F /* UseCase */ = {
			isa = PBXGroup;
			children = (
				2186BEDD287DDC5400A65A2F /* IUserUseCase.swift */,
				2186BEDF287DDC5F00A65A2F /* UserUseCase.swift */,
			);
			path = UseCase;
			sourceTree = "<group>";
		};
		2186BEDA287DD91500A65A2F /* Presentation */ = {
			isa = PBXGroup;
			children = (
				2186BEFB287E295500A65A2F /* Entities */,
				2186BEED287DE09600A65A2F /* Controller */,
				2186BEEC287DE09000A65A2F /* View */,
				2186BEEB287DE08800A65A2F /* ViewModel */,
			);
			path = Presentation;
			sourceTree = "<group>";
		};
		2186BEDB287DD9A900A65A2F /* Resources */ = {
			isa = PBXGroup;
			children = (
				2186BF14287EB1F000A65A2F /* Localization */,
				21DED9C1287D93290030655E /* Main.storyboard */,
				21DED9C4287D932A0030655E /* Assets.xcassets */,
				21DED9C6287D932A0030655E /* LaunchScreen.storyboard */,
			);
			path = Resources;
			sourceTree = "<group>";
		};
		2186BEDC287DD9C900A65A2F /* Networking */ = {
			isa = PBXGroup;
			children = (
				2186BEE9287DE01B00A65A2F /* NetworkManager.swift */,
				2186BEEE287DE0CC00A65A2F /* NetworkError.swift */,
			);
			path = Networking;
			sourceTree = "<group>";
		};
		2186BEEB287DE08800A65A2F /* ViewModel */ = {
			isa = PBXGroup;
			children = (
				2186BF07287EAD2100A65A2F /* UserCellViewModel.swift */,
				2186BF06287EAD2100A65A2F /* IUserViewModel.swift */,
				2186BF08287EAD2100A65A2F /* UserViewModel.swift */,
			);
			path = ViewModel;
			sourceTree = "<group>";
		};
		2186BEEC287DE09000A65A2F /* View */ = {
			isa = PBXGroup;
			children = (
				2186BF04287EAD1B00A65A2F /* UserListTableViewCell.swift */,
			);
			path = View;
			sourceTree = "<group>";
		};
		2186BEED287DE09600A65A2F /* Controller */ = {
			isa = PBXGroup;
			children = (
				2186BEFF287EACCF00A65A2F /* UserListVC.swift */,
				2186BF00287EACCF00A65A2F /* UserListVC+DataSource.swift */,
				2186BEFE287EACCF00A65A2F /* UserListVC+Extensions.swift */,
			);
			path = Controller;
			sourceTree = "<group>";
		};
		2186BEF0287DF45B00A65A2F /* Entities */ = {
			isa = PBXGroup;
			children = (
				2186BEF1287DF48200A65A2F /* UserDomainListDTO.swift */,
			);
			path = Entities;
			sourceTree = "<group>";
		};
		2186BEF3287DFA1F00A65A2F /* Entities */ = {
			isa = PBXGroup;
			children = (
				2186BEF4287DFA2F00A65A2F /* UserDataListDTO.swift */,
			);
			path = Entities;
			sourceTree = "<group>";
		};
		2186BEFB287E295500A65A2F /* Entities */ = {
			isa = PBXGroup;
			children = (
				2186BEFC287E296200A65A2F /* DataList.swift */,
			);
			path = Entities;
			sourceTree = "<group>";
		};
		2186BF0F287EAF0900A65A2F /* Utlilty */ = {
			isa = PBXGroup;
			children = (
				2186BF10287EAF0900A65A2F /* Extension.swift */,
			);
			path = Utlilty;
			sourceTree = "<group>";
		};
		2186BF14287EB1F000A65A2F /* Localization */ = {
			isa = PBXGroup;
			children = (
				2186BF15287EB1F000A65A2F /* Localizable.strings */,
			);
			path = Localization;
			sourceTree = "<group>";
		};
		2186BF18287EB38000A65A2F /* Resources */ = {
			isa = PBXGroup;
			children = (
				2186BF19287EB38000A65A2F /* User.json */,
			);
			path = Resources;
			sourceTree = "<group>";
		};
		2186BF2C287ED3C500A65A2F /* Modules */ = {
			isa = PBXGroup;
			children = (
				2186BF2D287ED3E300A65A2F /* MockObject */,
				2186BF38287EDA1500A65A2F /* UseCase */,
				2186BF39287EDA2000A65A2F /* Repository */,
				2186BF3A287EDA2700A65A2F /* Service */,
				2186BF3B287EDA3400A65A2F /* ViewModel */,
			);
			path = Modules;
			sourceTree = "<group>";
		};
		2186BF2D287ED3E300A65A2F /* MockObject */ = {
			isa = PBXGroup;
			children = (
				2186BF2E287ED40300A65A2F /* MockUseCase.swift */,
				2186BF30287ED41000A65A2F /* MockRepository.swift */,
				2186BF32287ED42900A65A2F /* MockService.swift */,
				2186BF34287ED44800A65A2F /* MockNetworkManager.swift */,
				2186BF36287ED47700A65A2F /* MockData.swift */,
			);
			path = MockObject;
			sourceTree = "<group>";
		};
		2186BF38287EDA1500A65A2F /* UseCase */ = {
			isa = PBXGroup;
			children = (
				2186BF3C287EDAF800A65A2F /* UserUseCaseTest.swift */,
			);
			path = UseCase;
			sourceTree = "<group>";
		};
		2186BF39287EDA2000A65A2F /* Repository */ = {
			isa = PBXGroup;
			children = (
				2186BF3E287EDB1800A65A2F /* UserRepositoryTest.swift */,
			);
			path = Repository;
			sourceTree = "<group>";
		};
		2186BF3A287EDA2700A65A2F /* Service */ = {
			isa = PBXGroup;
			children = (
				2186BF40287EDB2E00A65A2F /* UserServiceTest.swift */,
			);
			path = Service;
			sourceTree = "<group>";
		};
		2186BF3B287EDA3400A65A2F /* ViewModel */ = {
			isa = PBXGroup;
			children = (
				2186BF42287EDB4500A65A2F /* UserViewModelTest.swift */,
			);
			path = ViewModel;
			sourceTree = "<group>";
		};
		2186BF44287EECB300A65A2F /* Frameworks */ = {
			isa = PBXGroup;
			children = (
			);
			name = Frameworks;
			sourceTree = "<group>";
		};
		2193E7CC287F09C2005FD2EB /* Networking  */ = {
			isa = PBXGroup;
			children = (
				2193E7D0287F0D16005FD2EB /* MockURLProtocol.swift */,
				2193E7CF287F0D16005FD2EB /* NetworkClientTests.swift */,
			);
			path = "Networking ";
			sourceTree = "<group>";
		};
		21DED9AF287D93290030655E = {
			isa = PBXGroup;
			children = (
				21DED9BA287D93290030655E /* Lloyds */,
				21DED9D1287D932A0030655E /* LloydsTests */,
				21DED9DB287D932A0030655E /* LloydsUITests */,
				21DED9B9287D93290030655E /* Products */,
				2186BF44287EECB300A65A2F /* Frameworks */,
			);
			sourceTree = "<group>";
		};
		21DED9B9287D93290030655E /* Products */ = {
			isa = PBXGroup;
			children = (
				21DED9B8287D93290030655E /* Lloyds.app */,
				21DED9CE287D932A0030655E /* LloydsTests.xctest */,
				21DED9D8287D932A0030655E /* LloydsUITests.xctest */,
			);
			name = Products;
			sourceTree = "<group>";
		};
		21DED9BA287D93290030655E /* Lloyds */ = {
			isa = PBXGroup;
			children = (
				2186BF0F287EAF0900A65A2F /* Utlilty */,
				21DED9EB287D9C5C0030655E /* Application */,
				2186BED2287DD8B600A65A2F /* Modules */,
				2186BEDC287DD9C900A65A2F /* Networking */,
				2186BEDB287DD9A900A65A2F /* Resources */,
				21DED9C9287D932A0030655E /* Info.plist */,
			);
			path = Lloyds;
			sourceTree = "<group>";
		};
		21DED9D1287D932A0030655E /* LloydsTests */ = {
			isa = PBXGroup;
			children = (
				2193E7CC287F09C2005FD2EB /* Networking  */,
				2186BF2C287ED3C500A65A2F /* Modules */,
				2186BF18287EB38000A65A2F /* Resources */,
			);
			path = LloydsTests;
			sourceTree = "<group>";
		};
		21DED9DB287D932A0030655E /* LloydsUITests */ = {
			isa = PBXGroup;
			children = (
				21DED9DC287D932A0030655E /* LloydsUITests.swift */,
				21DED9DE287D932A0030655E /* LloydsUITestsLaunchTests.swift */,
			);
			path = LloydsUITests;
			sourceTree = "<group>";
		};
		21DED9EB287D9C5C0030655E /* Application */ = {
			isa = PBXGroup;
			children = (
				21DED9BB287D93290030655E /* AppDelegate.swift */,
				21DED9BD287D93290030655E /* SceneDelegate.swift */,
				21DED9EC287D9C830030655E /* AppDIContainer.swift */,
			);
			path = Application;
			sourceTree = "<group>";
		};
/* End PBXGroup section */

/* Begin PBXNativeTarget section */
		21DED9B7287D93290030655E /* Lloyds */ = {
			isa = PBXNativeTarget;
			buildConfigurationList = 21DED9E2287D932A0030655E /* Build configuration list for PBXNativeTarget "Lloyds" */;
			buildPhases = (
				21DED9B4287D93290030655E /* Sources */,
				21DED9B5287D93290030655E /* Frameworks */,
				21DED9B6287D93290030655E /* Resources */,
			);
			buildRules = (
			);
			dependencies = (
			);
			name = Lloyds;
			packageProductDependencies = (
				2186BF0D287EAEDD00A65A2F /* SDWebImage */,
			);
			productName = Lloyds;
			productReference = 21DED9B8287D93290030655E /* Lloyds.app */;
			productType = "com.apple.product-type.application";
		};
		21DED9CD287D932A0030655E /* LloydsTests */ = {
			isa = PBXNativeTarget;
			buildConfigurationList = 21DED9E5287D932A0030655E /* Build configuration list for PBXNativeTarget "LloydsTests" */;
			buildPhases = (
				21DED9CA287D932A0030655E /* Sources */,
				21DED9CB287D932A0030655E /* Frameworks */,
				21DED9CC287D932A0030655E /* Resources */,
			);
			buildRules = (
			);
			dependencies = (
				21DED9D0287D932A0030655E /* PBXTargetDependency */,
			);
			name = LloydsTests;
			productName = LloydsTests;
			productReference = 21DED9CE287D932A0030655E /* LloydsTests.xctest */;
			productType = "com.apple.product-type.bundle.unit-test";
		};
		21DED9D7287D932A0030655E /* LloydsUITests */ = {
			isa = PBXNativeTarget;
			buildConfigurationList = 21DED9E8287D932A0030655E /* Build configuration list for PBXNativeTarget "LloydsUITests" */;
			buildPhases = (
				21DED9D4287D932A0030655E /* Sources */,
				21DED9D5287D932A0030655E /* Frameworks */,
				21DED9D6287D932A0030655E /* Resources */,
			);
			buildRules = (
			);
			dependencies = (
				21DED9DA287D932A0030655E /* PBXTargetDependency */,
			);
			name = LloydsUITests;
			packageProductDependencies = (
				2186BF45287EECB300A65A2F /* SDWebImage */,
			);
			productName = LloydsUITests;
			productReference = 21DED9D8287D932A0030655E /* LloydsUITests.xctest */;
			productType = "com.apple.product-type.bundle.ui-testing";
		};
/* End PBXNativeTarget section */

/* Begin PBXProject section */
		21DED9B0287D93290030655E /* Project object */ = {
			isa = PBXProject;
			attributes = {
				BuildIndependentTargetsInParallel = 1;
				LastSwiftUpdateCheck = 1340;
				LastUpgradeCheck = 1340;
				TargetAttributes = {
					21DED9B7287D93290030655E = {
						CreatedOnToolsVersion = 13.4.1;
					};
					21DED9CD287D932A0030655E = {
						CreatedOnToolsVersion = 13.4.1;
						LastSwiftMigration = 1340;
						TestTargetID = 21DED9B7287D93290030655E;
					};
					21DED9D7287D932A0030655E = {
						CreatedOnToolsVersion = 13.4.1;
						TestTargetID = 21DED9B7287D93290030655E;
					};
				};
			};
			buildConfigurationList = 21DED9B3287D93290030655E /* Build configuration list for PBXProject "Lloyds" */;
			compatibilityVersion = "Xcode 13.0";
			developmentRegion = en;
			hasScannedForEncodings = 0;
			knownRegions = (
				en,
				Base,
			);
			mainGroup = 21DED9AF287D93290030655E;
			packageReferences = (
				2186BF0C287EAEDD00A65A2F /* XCRemoteSwiftPackageReference "SDWebImage" */,
			);
			productRefGroup = 21DED9B9287D93290030655E /* Products */;
			projectDirPath = "";
			projectRoot = "";
			targets = (
				21DED9B7287D93290030655E /* Lloyds */,
				21DED9CD287D932A0030655E /* LloydsTests */,
				21DED9D7287D932A0030655E /* LloydsUITests */,
			);
		};
/* End PBXProject section */

/* Begin PBXResourcesBuildPhase section */
		21DED9B6287D93290030655E /* Resources */ = {
			isa = PBXResourcesBuildPhase;
			buildActionMask = 2147483647;
			files = (
				21DED9C8287D932A0030655E /* LaunchScreen.storyboard in Resources */,
				2186BF17287EB1F000A65A2F /* Localizable.strings in Resources */,
				21DED9C5287D932A0030655E /* Assets.xcassets in Resources */,
				21DED9C3287D93290030655E /* Main.storyboard in Resources */,
			);
			runOnlyForDeploymentPostprocessing = 0;
		};
		21DED9CC287D932A0030655E /* Resources */ = {
			isa = PBXResourcesBuildPhase;
			buildActionMask = 2147483647;
			files = (
				2186BF1A287EB38000A65A2F /* User.json in Resources */,
			);
			runOnlyForDeploymentPostprocessing = 0;
		};
		21DED9D6287D932A0030655E /* Resources */ = {
			isa = PBXResourcesBuildPhase;
			buildActionMask = 2147483647;
			files = (
			);
			runOnlyForDeploymentPostprocessing = 0;
		};
/* End PBXResourcesBuildPhase section */

/* Begin PBXSourcesBuildPhase section */
		21DED9B4287D93290030655E /* Sources */ = {
			isa = PBXSourcesBuildPhase;
			buildActionMask = 2147483647;
			files = (
				2186BF37287ED47700A65A2F /* MockData.swift in Sources */,
				2186BF11287EAF0900A65A2F /* Extension.swift in Sources */,
				2186BEFD287E296200A65A2F /* DataList.swift in Sources */,
				2186BF05287EAD1B00A65A2F /* UserListTableViewCell.swift in Sources */,
				2186BF0A287EAD2100A65A2F /* UserCellViewModel.swift in Sources */,
				2186BEE6287DDC9500A65A2F /* IUserRepository.swift in Sources */,
				2186BEE4287DDC7700A65A2F /* UserService.swift in Sources */,
				2186BF02287EACCF00A65A2F /* UserListVC.swift in Sources */,
				2186BF03287EACCF00A65A2F /* UserListVC+DataSource.swift in Sources */,
				2186BEEA287DE01B00A65A2F /* NetworkManager.swift in Sources */,
				2186BEE8287DDC9F00A65A2F /* UserRepository.swift in Sources */,
				2186BF01287EACCF00A65A2F /* UserListVC+Extensions.swift in Sources */,
				2186BF33287ED42900A65A2F /* MockService.swift in Sources */,
				2186BF31287ED41000A65A2F /* MockRepository.swift in Sources */,
				2186BEF5287DFA2F00A65A2F /* UserDataListDTO.swift in Sources */,
				2186BF2F287ED40300A65A2F /* MockUseCase.swift in Sources */,
				21DED9ED287D9C830030655E /* AppDIContainer.swift in Sources */,
				2186BEE0287DDC5F00A65A2F /* UserUseCase.swift in Sources */,
				2186BEFA287E101600A65A2F /* Constant.swift in Sources */,
				2186BF35287ED44800A65A2F /* MockNetworkManager.swift in Sources */,
				2186BF09287EAD2100A65A2F /* IUserViewModel.swift in Sources */,
				2186BF13287EB00E00A65A2F /* UserContainer.swift in Sources */,
				21DED9BC287D93290030655E /* AppDelegate.swift in Sources */,
				2186BEDE287DDC5400A65A2F /* IUserUseCase.swift in Sources */,
				2186BEF2287DF48200A65A2F /* UserDomainListDTO.swift in Sources */,
				2186BEEF287DE0CC00A65A2F /* NetworkError.swift in Sources */,
				2186BEE2287DDC6C00A65A2F /* IUserService.swift in Sources */,
				21DED9BE287D93290030655E /* SceneDelegate.swift in Sources */,
				2186BF0B287EAD2100A65A2F /* UserViewModel.swift in Sources */,
			);
			runOnlyForDeploymentPostprocessing = 0;
		};
		21DED9CA287D932A0030655E /* Sources */ = {
			isa = PBXSourcesBuildPhase;
			buildActionMask = 2147483647;
			files = (
				2193E7D1287F0D16005FD2EB /* NetworkClientTests.swift in Sources */,
				2193E7D4287F1770005FD2EB /* MockURLProtocol.swift in Sources */,
				2186BF41287EDB2E00A65A2F /* UserServiceTest.swift in Sources */,
				2186BF43287EDB4500A65A2F /* UserViewModelTest.swift in Sources */,
				2186BF3F287EDB1800A65A2F /* UserRepositoryTest.swift in Sources */,
				2186BF3D287EDAF800A65A2F /* UserUseCaseTest.swift in Sources */,
			);
			runOnlyForDeploymentPostprocessing = 0;
		};
		21DED9D4287D932A0030655E /* Sources */ = {
			isa = PBXSourcesBuildPhase;
			buildActionMask = 2147483647;
			files = (
				21DED9DD287D932A0030655E /* LloydsUITests.swift in Sources */,
				21DED9DF287D932A0030655E /* LloydsUITestsLaunchTests.swift in Sources */,
			);
			runOnlyForDeploymentPostprocessing = 0;
		};
/* End PBXSourcesBuildPhase section */

/* Begin PBXTargetDependency section */
		21DED9D0287D932A0030655E /* PBXTargetDependency */ = {
			isa = PBXTargetDependency;
			target = 21DED9B7287D93290030655E /* Lloyds */;
			targetProxy = 21DED9CF287D932A0030655E /* PBXContainerItemProxy */;
		};
		21DED9DA287D932A0030655E /* PBXTargetDependency */ = {
			isa = PBXTargetDependency;
			target = 21DED9B7287D93290030655E /* Lloyds */;
			targetProxy = 21DED9D9287D932A0030655E /* PBXContainerItemProxy */;
		};
/* End PBXTargetDependency section */

/* Begin PBXVariantGroup section */
		2186BF15287EB1F000A65A2F /* Localizable.strings */ = {
			isa = PBXVariantGroup;
			children = (
				2186BF16287EB1F000A65A2F /* en */,
			);
			name = Localizable.strings;
			sourceTree = "<group>";
		};
		21DED9C1287D93290030655E /* Main.storyboard */ = {
			isa = PBXVariantGroup;
			children = (
				21DED9C2287D93290030655E /* Base */,
			);
			name = Main.storyboard;
			sourceTree = "<group>";
		};
		21DED9C6287D932A0030655E /* LaunchScreen.storyboard */ = {
			isa = PBXVariantGroup;
			children = (
				21DED9C7287D932A0030655E /* Base */,
			);
			name = LaunchScreen.storyboard;
			sourceTree = "<group>";
		};
/* End PBXVariantGroup section */

/* Begin XCBuildConfiguration section */
		21DED9E0287D932A0030655E /* Debug */ = {
			isa = XCBuildConfiguration;
			buildSettings = {
				ALWAYS_SEARCH_USER_PATHS = NO;
				CLANG_ANALYZER_NONNULL = YES;
				CLANG_ANALYZER_NUMBER_OBJECT_CONVERSION = YES_AGGRESSIVE;
				CLANG_CXX_LANGUAGE_STANDARD = "gnu++17";
				CLANG_ENABLE_MODULES = YES;
				CLANG_ENABLE_OBJC_ARC = YES;
				CLANG_ENABLE_OBJC_WEAK = YES;
				CLANG_WARN_BLOCK_CAPTURE_AUTORELEASING = YES;
				CLANG_WARN_BOOL_CONVERSION = YES;
				CLANG_WARN_COMMA = YES;
				CLANG_WARN_CONSTANT_CONVERSION = YES;
				CLANG_WARN_DEPRECATED_OBJC_IMPLEMENTATIONS = YES;
				CLANG_WARN_DIRECT_OBJC_ISA_USAGE = YES_ERROR;
				CLANG_WARN_DOCUMENTATION_COMMENTS = YES;
				CLANG_WARN_EMPTY_BODY = YES;
				CLANG_WARN_ENUM_CONVERSION = YES;
				CLANG_WARN_INFINITE_RECURSION = YES;
				CLANG_WARN_INT_CONVERSION = YES;
				CLANG_WARN_NON_LITERAL_NULL_CONVERSION = YES;
				CLANG_WARN_OBJC_IMPLICIT_RETAIN_SELF = YES;
				CLANG_WARN_OBJC_LITERAL_CONVERSION = YES;
				CLANG_WARN_OBJC_ROOT_CLASS = YES_ERROR;
				CLANG_WARN_QUOTED_INCLUDE_IN_FRAMEWORK_HEADER = YES;
				CLANG_WARN_RANGE_LOOP_ANALYSIS = YES;
				CLANG_WARN_STRICT_PROTOTYPES = YES;
				CLANG_WARN_SUSPICIOUS_MOVE = YES;
				CLANG_WARN_UNGUARDED_AVAILABILITY = YES_AGGRESSIVE;
				CLANG_WARN_UNREACHABLE_CODE = YES;
				CLANG_WARN__DUPLICATE_METHOD_MATCH = YES;
				COPY_PHASE_STRIP = NO;
				DEBUG_INFORMATION_FORMAT = dwarf;
				ENABLE_STRICT_OBJC_MSGSEND = YES;
				ENABLE_TESTABILITY = YES;
				GCC_C_LANGUAGE_STANDARD = gnu11;
				GCC_DYNAMIC_NO_PIC = NO;
				GCC_NO_COMMON_BLOCKS = YES;
				GCC_OPTIMIZATION_LEVEL = 0;
				GCC_PREPROCESSOR_DEFINITIONS = (
					"DEBUG=1",
					"$(inherited)",
				);
				GCC_WARN_64_TO_32_BIT_CONVERSION = YES;
				GCC_WARN_ABOUT_RETURN_TYPE = YES_ERROR;
				GCC_WARN_UNDECLARED_SELECTOR = YES;
				GCC_WARN_UNINITIALIZED_AUTOS = YES_AGGRESSIVE;
				GCC_WARN_UNUSED_FUNCTION = YES;
				GCC_WARN_UNUSED_VARIABLE = YES;
				IPHONEOS_DEPLOYMENT_TARGET = 15.5;
				MTL_ENABLE_DEBUG_INFO = INCLUDE_SOURCE;
				MTL_FAST_MATH = YES;
				ONLY_ACTIVE_ARCH = YES;
				SDKROOT = iphoneos;
				SWIFT_ACTIVE_COMPILATION_CONDITIONS = DEBUG;
				SWIFT_OPTIMIZATION_LEVEL = "-Onone";
			};
			name = Debug;
		};
		21DED9E1287D932A0030655E /* Release */ = {
			isa = XCBuildConfiguration;
			buildSettings = {
				ALWAYS_SEARCH_USER_PATHS = NO;
				CLANG_ANALYZER_NONNULL = YES;
				CLANG_ANALYZER_NUMBER_OBJECT_CONVERSION = YES_AGGRESSIVE;
				CLANG_CXX_LANGUAGE_STANDARD = "gnu++17";
				CLANG_ENABLE_MODULES = YES;
				CLANG_ENABLE_OBJC_ARC = YES;
				CLANG_ENABLE_OBJC_WEAK = YES;
				CLANG_WARN_BLOCK_CAPTURE_AUTORELEASING = YES;
				CLANG_WARN_BOOL_CONVERSION = YES;
				CLANG_WARN_COMMA = YES;
				CLANG_WARN_CONSTANT_CONVERSION = YES;
				CLANG_WARN_DEPRECATED_OBJC_IMPLEMENTATIONS = YES;
				CLANG_WARN_DIRECT_OBJC_ISA_USAGE = YES_ERROR;
				CLANG_WARN_DOCUMENTATION_COMMENTS = YES;
				CLANG_WARN_EMPTY_BODY = YES;
				CLANG_WARN_ENUM_CONVERSION = YES;
				CLANG_WARN_INFINITE_RECURSION = YES;
				CLANG_WARN_INT_CONVERSION = YES;
				CLANG_WARN_NON_LITERAL_NULL_CONVERSION = YES;
				CLANG_WARN_OBJC_IMPLICIT_RETAIN_SELF = YES;
				CLANG_WARN_OBJC_LITERAL_CONVERSION = YES;
				CLANG_WARN_OBJC_ROOT_CLASS = YES_ERROR;
				CLANG_WARN_QUOTED_INCLUDE_IN_FRAMEWORK_HEADER = YES;
				CLANG_WARN_RANGE_LOOP_ANALYSIS = YES;
				CLANG_WARN_STRICT_PROTOTYPES = YES;
				CLANG_WARN_SUSPICIOUS_MOVE = YES;
				CLANG_WARN_UNGUARDED_AVAILABILITY = YES_AGGRESSIVE;
				CLANG_WARN_UNREACHABLE_CODE = YES;
				CLANG_WARN__DUPLICATE_METHOD_MATCH = YES;
				COPY_PHASE_STRIP = NO;
				DEBUG_INFORMATION_FORMAT = "dwarf-with-dsym";
				ENABLE_NS_ASSERTIONS = NO;
				ENABLE_STRICT_OBJC_MSGSEND = YES;
				GCC_C_LANGUAGE_STANDARD = gnu11;
				GCC_NO_COMMON_BLOCKS = YES;
				GCC_WARN_64_TO_32_BIT_CONVERSION = YES;
				GCC_WARN_ABOUT_RETURN_TYPE = YES_ERROR;
				GCC_WARN_UNDECLARED_SELECTOR = YES;
				GCC_WARN_UNINITIALIZED_AUTOS = YES_AGGRESSIVE;
				GCC_WARN_UNUSED_FUNCTION = YES;
				GCC_WARN_UNUSED_VARIABLE = YES;
				IPHONEOS_DEPLOYMENT_TARGET = 15.5;
				MTL_ENABLE_DEBUG_INFO = NO;
				MTL_FAST_MATH = YES;
				SDKROOT = iphoneos;
				SWIFT_COMPILATION_MODE = wholemodule;
				SWIFT_OPTIMIZATION_LEVEL = "-O";
				VALIDATE_PRODUCT = YES;
			};
			name = Release;
		};
		21DED9E3287D932A0030655E /* Debug */ = {
			isa = XCBuildConfiguration;
			buildSettings = {
				ASSETCATALOG_COMPILER_APPICON_NAME = AppIcon;
				ASSETCATALOG_COMPILER_GLOBAL_ACCENT_COLOR_NAME = AccentColor;
				CODE_SIGN_STYLE = Automatic;
				CURRENT_PROJECT_VERSION = 1;
				GENERATE_INFOPLIST_FILE = YES;
				INFOPLIST_FILE = Lloyds/Info.plist;
				INFOPLIST_KEY_UIApplicationSupportsIndirectInputEvents = YES;
				INFOPLIST_KEY_UILaunchStoryboardName = LaunchScreen;
				INFOPLIST_KEY_UIMainStoryboardFile = Main;
				INFOPLIST_KEY_UISupportedInterfaceOrientations_iPad = "UIInterfaceOrientationPortrait UIInterfaceOrientationPortraitUpsideDown UIInterfaceOrientationLandscapeLeft UIInterfaceOrientationLandscapeRight";
				INFOPLIST_KEY_UISupportedInterfaceOrientations_iPhone = "UIInterfaceOrientationPortrait UIInterfaceOrientationLandscapeLeft UIInterfaceOrientationLandscapeRight";
				IPHONEOS_DEPLOYMENT_TARGET = 15.5;
				LD_RUNPATH_SEARCH_PATHS = (
					"$(inherited)",
					"@executable_path/Frameworks",
				);
				MARKETING_VERSION = 1.0;
				PRODUCT_BUNDLE_IDENTIFIER = PublicisSapeint.Lloyds;
				PRODUCT_NAME = "$(TARGET_NAME)";
				SWIFT_EMIT_LOC_STRINGS = YES;
				SWIFT_VERSION = 5.0;
				TARGETED_DEVICE_FAMILY = "1,2";
			};
			name = Debug;
		};
		21DED9E4287D932A0030655E /* Release */ = {
			isa = XCBuildConfiguration;
			buildSettings = {
				ASSETCATALOG_COMPILER_APPICON_NAME = AppIcon;
				ASSETCATALOG_COMPILER_GLOBAL_ACCENT_COLOR_NAME = AccentColor;
				CODE_SIGN_STYLE = Automatic;
				CURRENT_PROJECT_VERSION = 1;
				GENERATE_INFOPLIST_FILE = YES;
				INFOPLIST_FILE = Lloyds/Info.plist;
				INFOPLIST_KEY_UIApplicationSupportsIndirectInputEvents = YES;
				INFOPLIST_KEY_UILaunchStoryboardName = LaunchScreen;
				INFOPLIST_KEY_UIMainStoryboardFile = Main;
				INFOPLIST_KEY_UISupportedInterfaceOrientations_iPad = "UIInterfaceOrientationPortrait UIInterfaceOrientationPortraitUpsideDown UIInterfaceOrientationLandscapeLeft UIInterfaceOrientationLandscapeRight";
				INFOPLIST_KEY_UISupportedInterfaceOrientations_iPhone = "UIInterfaceOrientationPortrait UIInterfaceOrientationLandscapeLeft UIInterfaceOrientationLandscapeRight";
				IPHONEOS_DEPLOYMENT_TARGET = 15.5;
				LD_RUNPATH_SEARCH_PATHS = (
					"$(inherited)",
					"@executable_path/Frameworks",
				);
				MARKETING_VERSION = 1.0;
				PRODUCT_BUNDLE_IDENTIFIER = PublicisSapeint.Lloyds;
				PRODUCT_NAME = "$(TARGET_NAME)";
				SWIFT_EMIT_LOC_STRINGS = YES;
				SWIFT_VERSION = 5.0;
				TARGETED_DEVICE_FAMILY = "1,2";
			};
			name = Release;
		};
		21DED9E6287D932A0030655E /* Debug */ = {
			isa = XCBuildConfiguration;
			buildSettings = {
				ALWAYS_EMBED_SWIFT_STANDARD_LIBRARIES = YES;
				BUNDLE_LOADER = "$(TEST_HOST)";
				CLANG_ENABLE_MODULES = YES;
				CODE_SIGN_STYLE = Automatic;
				CURRENT_PROJECT_VERSION = 1;
				GENERATE_INFOPLIST_FILE = YES;
				IPHONEOS_DEPLOYMENT_TARGET = 15.5;
				LD_RUNPATH_SEARCH_PATHS = (
					"$(inherited)",
					"@executable_path/Frameworks",
					"@loader_path/Frameworks",
				);
				MARKETING_VERSION = 1.0;
				PRODUCT_BUNDLE_IDENTIFIER = PublicisSapeint.LloydsTests;
				PRODUCT_NAME = "$(TARGET_NAME)";
				SWIFT_EMIT_LOC_STRINGS = NO;
				SWIFT_OPTIMIZATION_LEVEL = "-Onone";
				SWIFT_VERSION = 5.0;
				TARGETED_DEVICE_FAMILY = "1,2";
				TEST_HOST = "$(BUILT_PRODUCTS_DIR)/Lloyds.app/Lloyds";
			};
			name = Debug;
		};
		21DED9E7287D932A0030655E /* Release */ = {
			isa = XCBuildConfiguration;
			buildSettings = {
				ALWAYS_EMBED_SWIFT_STANDARD_LIBRARIES = YES;
				BUNDLE_LOADER = "$(TEST_HOST)";
				CLANG_ENABLE_MODULES = YES;
				CODE_SIGN_STYLE = Automatic;
				CURRENT_PROJECT_VERSION = 1;
				GENERATE_INFOPLIST_FILE = YES;
				IPHONEOS_DEPLOYMENT_TARGET = 15.5;
				LD_RUNPATH_SEARCH_PATHS = (
					"$(inherited)",
					"@executable_path/Frameworks",
					"@loader_path/Frameworks",
				);
				MARKETING_VERSION = 1.0;
				PRODUCT_BUNDLE_IDENTIFIER = PublicisSapeint.LloydsTests;
				PRODUCT_NAME = "$(TARGET_NAME)";
				SWIFT_EMIT_LOC_STRINGS = NO;
				SWIFT_VERSION = 5.0;
				TARGETED_DEVICE_FAMILY = "1,2";
				TEST_HOST = "$(BUILT_PRODUCTS_DIR)/Lloyds.app/Lloyds";
			};
			name = Release;
		};
		21DED9E9287D932A0030655E /* Debug */ = {
			isa = XCBuildConfiguration;
			buildSettings = {
				ALWAYS_EMBED_SWIFT_STANDARD_LIBRARIES = YES;
				CODE_SIGN_STYLE = Automatic;
				CURRENT_PROJECT_VERSION = 1;
				GENERATE_INFOPLIST_FILE = YES;
				MARKETING_VERSION = 1.0;
				PRODUCT_BUNDLE_IDENTIFIER = PublicisSapeint.LloydsUITests;
				PRODUCT_NAME = "$(TARGET_NAME)";
				SWIFT_EMIT_LOC_STRINGS = NO;
				SWIFT_VERSION = 5.0;
				TARGETED_DEVICE_FAMILY = "1,2";
				TEST_TARGET_NAME = Lloyds;
			};
			name = Debug;
		};
		21DED9EA287D932A0030655E /* Release */ = {
			isa = XCBuildConfiguration;
			buildSettings = {
				ALWAYS_EMBED_SWIFT_STANDARD_LIBRARIES = YES;
				CODE_SIGN_STYLE = Automatic;
				CURRENT_PROJECT_VERSION = 1;
				GENERATE_INFOPLIST_FILE = YES;
				MARKETING_VERSION = 1.0;
				PRODUCT_BUNDLE_IDENTIFIER = PublicisSapeint.LloydsUITests;
				PRODUCT_NAME = "$(TARGET_NAME)";
				SWIFT_EMIT_LOC_STRINGS = NO;
				SWIFT_VERSION = 5.0;
				TARGETED_DEVICE_FAMILY = "1,2";
				TEST_TARGET_NAME = Lloyds;
			};
			name = Release;
		};
/* End XCBuildConfiguration section */

/* Begin XCConfigurationList section */
		21DED9B3287D93290030655E /* Build configuration list for PBXProject "Lloyds" */ = {
			isa = XCConfigurationList;
			buildConfigurations = (
				21DED9E0287D932A0030655E /* Debug */,
				21DED9E1287D932A0030655E /* Release */,
			);
			defaultConfigurationIsVisible = 0;
			defaultConfigurationName = Release;
		};
		21DED9E2287D932A0030655E /* Build configuration list for PBXNativeTarget "Lloyds" */ = {
			isa = XCConfigurationList;
			buildConfigurations = (
				21DED9E3287D932A0030655E /* Debug */,
				21DED9E4287D932A0030655E /* Release */,
			);
			defaultConfigurationIsVisible = 0;
			defaultConfigurationName = Release;
		};
		21DED9E5287D932A0030655E /* Build configuration list for PBXNativeTarget "LloydsTests" */ = {
			isa = XCConfigurationList;
			buildConfigurations = (
				21DED9E6287D932A0030655E /* Debug */,
				21DED9E7287D932A0030655E /* Release */,
			);
			defaultConfigurationIsVisible = 0;
			defaultConfigurationName = Release;
		};
		21DED9E8287D932A0030655E /* Build configuration list for PBXNativeTarget "LloydsUITests" */ = {
			isa = XCConfigurationList;
			buildConfigurations = (
				21DED9E9287D932A0030655E /* Debug */,
				21DED9EA287D932A0030655E /* Release */,
			);
			defaultConfigurationIsVisible = 0;
			defaultConfigurationName = Release;
		};
/* End XCConfigurationList section */

/* Begin XCRemoteSwiftPackageReference section */
		2186BF0C287EAEDD00A65A2F /* XCRemoteSwiftPackageReference "SDWebImage" */ = {
			isa = XCRemoteSwiftPackageReference;
			repositoryURL = "https://github.com/SDWebImage/SDWebImage.git";
			requirement = {
				branch = master;
				kind = branch;
			};
		};
/* End XCRemoteSwiftPackageReference section */

/* Begin XCSwiftPackageProductDependency section */
		2186BF0D287EAEDD00A65A2F /* SDWebImage */ = {
			isa = XCSwiftPackageProductDependency;
			package = 2186BF0C287EAEDD00A65A2F /* XCRemoteSwiftPackageReference "SDWebImage" */;
			productName = SDWebImage;
		};
		2186BF45287EECB300A65A2F /* SDWebImage */ = {
			isa = XCSwiftPackageProductDependency;
			package = 2186BF0C287EAEDD00A65A2F /* XCRemoteSwiftPackageReference "SDWebImage" */;
			productName = SDWebImage;
		};
/* End XCSwiftPackageProductDependency section */
	};
	rootObject = 21DED9B0287D93290030655E /* Project object */;
}
